lockfileVersion: '9.0'

settings:
  autoInstallPeers: true
  excludeLinksFromLockfile: false

importers:

  .:
    devDependencies:
      '@types/react':
        specifier: ^18.2.31
        version: 18.3.26
      '@types/react-dom':
        specifier: ^18.2.14
        version: 18.3.7(@types/react@18.3.26)
      cpx:
        specifier: ^1.5.0
        version: 1.5.0
      sass:
        specifier: ^1.69.4
        version: 1.93.2
      typescript:
        specifier: ^5.2.2
        version: 5.9.3

packages:

  '@parcel/watcher-android-arm64@2.5.1':
    resolution: {integrity: sha512-KF8+j9nNbUN8vzOFDpRMsaKBHZ/mcjEjMToVMJOhTozkDonQFFrRcfdLWn6yWKCmJKmdVxSgHiYvTCef4/qcBA==}
    engines: {node: '>= 10.0.0'}
    cpu: [arm64]
    os: [android]

  '@parcel/watcher-darwin-arm64@2.5.1':
    resolution: {integrity: sha512-eAzPv5osDmZyBhou8PoF4i6RQXAfeKL9tjb3QzYuccXFMQU0ruIc/POh30ePnaOyD1UXdlKguHBmsTs53tVoPw==}
    engines: {node: '>= 10.0.0'}
    cpu: [arm64]
    os: [darwin]

  '@parcel/watcher-darwin-x64@2.5.1':
    resolution: {integrity: sha512-1ZXDthrnNmwv10A0/3AJNZ9JGlzrF82i3gNQcWOzd7nJ8aj+ILyW1MTxVk35Db0u91oD5Nlk9MBiujMlwmeXZg==}
    engines: {node: '>= 10.0.0'}
    cpu: [x64]
    os: [darwin]

  '@parcel/watcher-freebsd-x64@2.5.1':
    resolution: {integrity: sha512-SI4eljM7Flp9yPuKi8W0ird8TI/JK6CSxju3NojVI6BjHsTyK7zxA9urjVjEKJ5MBYC+bLmMcbAWlZ+rFkLpJQ==}
    engines: {node: '>= 10.0.0'}
    cpu: [x64]
    os: [freebsd]

  '@parcel/watcher-linux-arm-glibc@2.5.1':
    resolution: {integrity: sha512-RCdZlEyTs8geyBkkcnPWvtXLY44BCeZKmGYRtSgtwwnHR4dxfHRG3gR99XdMEdQ7KeiDdasJwwvNSF5jKtDwdA==}
    engines: {node: '>= 10.0.0'}
    cpu: [arm]
    os: [linux]

  '@parcel/watcher-linux-arm-musl@2.5.1':
    resolution: {integrity: sha512-6E+m/Mm1t1yhB8X412stiKFG3XykmgdIOqhjWj+VL8oHkKABfu/gjFj8DvLrYVHSBNC+/u5PeNrujiSQ1zwd1Q==}
    engines: {node: '>= 10.0.0'}
    cpu: [arm]
    os: [linux]

  '@parcel/watcher-linux-arm64-glibc@2.5.1':
    resolution: {integrity: sha512-LrGp+f02yU3BN9A+DGuY3v3bmnFUggAITBGriZHUREfNEzZh/GO06FF5u2kx8x+GBEUYfyTGamol4j3m9ANe8w==}
    engines: {node: '>= 10.0.0'}
    cpu: [arm64]
    os: [linux]

  '@parcel/watcher-linux-arm64-musl@2.5.1':
    resolution: {integrity: sha512-cFOjABi92pMYRXS7AcQv9/M1YuKRw8SZniCDw0ssQb/noPkRzA+HBDkwmyOJYp5wXcsTrhxO0zq1U11cK9jsFg==}
    engines: {node: '>= 10.0.0'}
    cpu: [arm64]
    os: [linux]

  '@parcel/watcher-linux-x64-glibc@2.5.1':
    resolution: {integrity: sha512-GcESn8NZySmfwlTsIur+49yDqSny2IhPeZfXunQi48DMugKeZ7uy1FX83pO0X22sHntJ4Ub+9k34XQCX+oHt2A==}
    engines: {node: '>= 10.0.0'}
    cpu: [x64]
    os: [linux]

  '@parcel/watcher-linux-x64-musl@2.5.1':
    resolution: {integrity: sha512-n0E2EQbatQ3bXhcH2D1XIAANAcTZkQICBPVaxMeaCVBtOpBZpWJuf7LwyWPSBDITb7In8mqQgJ7gH8CILCURXg==}
    engines: {node: '>= 10.0.0'}
    cpu: [x64]
    os: [linux]

  '@parcel/watcher-win32-arm64@2.5.1':
    resolution: {integrity: sha512-RFzklRvmc3PkjKjry3hLF9wD7ppR4AKcWNzH7kXR7GUe0Igb3Nz8fyPwtZCSquGrhU5HhUNDr/mKBqj7tqA2Vw==}
    engines: {node: '>= 10.0.0'}
    cpu: [arm64]
    os: [win32]

  '@parcel/watcher-win32-ia32@2.5.1':
    resolution: {integrity: sha512-c2KkcVN+NJmuA7CGlaGD1qJh1cLfDnQsHjE89E60vUEMlqduHGCdCLJCID5geFVM0dOtA3ZiIO8BoEQmzQVfpQ==}
    engines: {node: '>= 10.0.0'}
    cpu: [ia32]
    os: [win32]

  '@parcel/watcher-win32-x64@2.5.1':
    resolution: {integrity: sha512-9lHBdJITeNR++EvSQVUcaZoWupyHfXe1jZvGZ06O/5MflPcuPLtEphScIBL+AiCWBO46tDSHzWyD0uDmmZqsgA==}
    engines: {node: '>= 10.0.0'}
    cpu: [x64]
    os: [win32]

  '@parcel/watcher@2.5.1':
    resolution: {integrity: sha512-dfUnCxiN9H4ap84DvD2ubjw+3vUNpstxa0TneY/Paat8a3R4uQZDLSvWjmznAY/DoahqTHl9V46HF/Zs3F29pg==}
    engines: {node: '>= 10.0.0'}

  '@types/prop-types@15.7.15':
    resolution: {integrity: sha512-F6bEyamV9jKGAFBEmlQnesRPGOQqS2+Uwi0Em15xenOxHaf2hv6L8YCVn3rPdPJOiJfPiCnLIRyvwVaqMY3MIw==}

  '@types/react-dom@18.3.7':
    resolution: {integrity: sha512-MEe3UeoENYVFXzoXEWsvcpg6ZvlrFNlOQ7EOsvhI3CfAXwzPfO8Qwuxd40nepsYKqyyVQnTdEfv68q91yLcKrQ==}
    peerDependencies:
      '@types/react': ^18.0.0

  '@types/react@18.3.26':
    resolution: {integrity: sha512-RFA/bURkcKzx/X9oumPG9Vp3D3JUgus/d0b67KB0t5S/raciymilkOa66olh78MUI92QLbEJevO7rvqU/kjwKA==}

  anymatch@1.3.2:
    resolution: {integrity: sha512-0XNayC8lTHQ2OI8aljNCN3sSx6hsr/1+rlcDAotXJR7C1oZZHCNsfpbKwMjRA3Uqb5tF1Rae2oloTr4xpq+WjA==}

  arr-diff@2.0.0:
    resolution: {integrity: sha512-dtXTVMkh6VkEEA7OhXnN1Ecb8aAGFdZ1LFxtOCoqj4qkyOJMt7+qs6Ahdy6p/NQCPYsRSXXivhSB/J5E9jmYKA==}
    engines: {node: '>=0.10.0'}

  arr-diff@4.0.0:
    resolution: {integrity: sha512-YVIQ82gZPGBebQV/a8dar4AitzCQs0jjXwMPZllpXMaGjXPYVUawSxQrRsjhjupyVxEvbHgUmIhKVlND+j02kA==}
    engines: {node: '>=0.10.0'}

  arr-flatten@1.1.0:
    resolution: {integrity: sha512-L3hKV5R/p5o81R7O02IGnwpDmkp6E982XhtbuwSe3O4qOtMMMtodicASA1Cny2U+aCXcNpml+m4dPsvsJ3jatg==}
    engines: {node: '>=0.10.0'}

  arr-union@3.1.0:
    resolution: {integrity: sha512-sKpyeERZ02v1FeCZT8lrfJq5u6goHCtpTAzPwJYe7c8SPFOboNjNg1vz2L4VTn9T4PQxEx13TbXLmYUcS6Ug7Q==}
    engines: {node: '>=0.10.0'}

  array-unique@0.2.1:
    resolution: {integrity: sha512-G2n5bG5fSUCpnsXz4+8FUkYsGPkNfLn9YvS66U5qbTIXI2Ynnlo4Bi42bWv+omKUCqz+ejzfClwne0alJWJPhg==}
    engines: {node: '>=0.10.0'}

  array-unique@0.3.2:
    resolution: {integrity: sha512-SleRWjh9JUud2wH1hPs9rZBZ33H6T9HOiL0uwGnGx9FpE6wKGyfWugmbkEOIs6qWrZhg0LWeLziLrEwQJhs5mQ==}
    engines: {node: '>=0.10.0'}

  assign-symbols@1.0.0:
    resolution: {integrity: sha512-Q+JC7Whu8HhmTdBph/Tq59IoRtoy6KAm5zzPv00WdujX82lbAL8K7WVjne7vdCsAmbF4AYaDOPyO3k0kl8qIrw==}
    engines: {node: '>=0.10.0'}

  async-each@1.0.6:
    resolution: {integrity: sha512-c646jH1avxr+aVpndVMeAfYw7wAa6idufrlN3LPA4PmKS0QEGp6PIC9nwz0WQkkvBGAMEki3pFdtxaF39J9vvg==}

  atob@2.1.2:
    resolution: {integrity: sha512-Wm6ukoaOGJi/73p/cl2GvLjTI5JM1k/O14isD73YML8StrH/7/lRFgmg8nICZgD3bZZvjwCGxtMOD3wWNAu8cg==}
    engines: {node: '>= 4.5.0'}
    hasBin: true

  babel-runtime@6.26.0:
    resolution: {integrity: sha512-ITKNuq2wKlW1fJg9sSW52eepoYgZBggvOAHC0u/CYu/qxQ9EVzThCgR69BnSXLHjy2f7SY5zaQ4yt7H9ZVxY2g==}

  balanced-match@1.0.2:
    resolution: {integrity: sha512-3oSeUO0TMV67hN1AmbXsK4yaqU7tjiHlbxRDZOpH0KW9+CeX4bRAaX0Anxt0tx2MrpRpWwQaPwIlISEJhYU5Pw==}

  base@0.11.2:
    resolution: {integrity: sha512-5T6P4xPgpp0YDFvSWwEZ4NoE3aM4QBQXDzmVbraCkFj8zHM+mba8SyqB5DbZWyR7mYHo6Y7BdQo3MoA4m0TeQg==}
    engines: {node: '>=0.10.0'}

  binary-extensions@1.13.1:
    resolution: {integrity: sha512-Un7MIEDdUC5gNpcGDV97op1Ywk748MpHcFTHoYs6qnj1Z3j7I53VG3nwZhKzoBZmbdRNnb6WRdFlwl7tSDuZGw==}
    engines: {node: '>=0.10.0'}

  bindings@1.5.0:
    resolution: {integrity: sha512-p2q/t/mhvuOj/UeLlV6566GD/guowlr0hHxClI0W9m7MWYkL1F0hLo+0Aexs9HSPCtR1SXQ0TD3MMKrXZajbiQ==}

  brace-expansion@1.1.12:
    resolution: {integrity: sha512-9T9UjW3r0UW5c1Q7GTwllptXwhvYmEzFhzMfZ9H7FQWt+uZePjZPjBP/W1ZEyZ1twGWom5/56TF4lPcqjnDHcg==}

  braces@1.8.5:
    resolution: {integrity: sha512-xU7bpz2ytJl1bH9cgIurjpg/n8Gohy9GTw81heDYLJQ4RU60dlyJsa+atVF2pI0yMMvKxI9HkKwjePCj5XI1hw==}
    engines: {node: '>=0.10.0'}

  braces@2.3.2:
    resolution: {integrity: sha512-aNdbnj9P8PjdXU4ybaWLK2IF3jc/EoDYbC7AazW6to3TRsfXxscC9UXOB5iDiEQrkyIbWp2SLQda4+QAa7nc3w==}
    engines: {node: '>=0.10.0'}

  braces@3.0.3:
    resolution: {integrity: sha512-yQbXgO/OSZVD2IsiLlro+7Hf6Q18EJrKSEsdoMzKePKXct3gvD8oLcOQdIzGupr5Fj+EDe8gO/lxc1BzfMpxvA==}
    engines: {node: '>=8'}

  cache-base@1.0.1:
    resolution: {integrity: sha512-AKcdTnFSWATd5/GCPRxr2ChwIJ85CeyrEyjRHlKxQ56d4XJMGym0uAiKn0xbLOGOl3+yRpOTi484dVCEc5AUzQ==}
    engines: {node: '>=0.10.0'}

  chokidar@1.7.0:
    resolution: {integrity: sha512-mk8fAWcRUOxY7btlLtitj3A45jOwSAxH4tOFOoEGbVsl6cL6pPMWUy7dwZ/canfj3QEdP6FHSnf/l1c6/WkzVg==}

  chokidar@4.0.3:
    resolution: {integrity: sha512-Qgzu8kfBvo+cA4962jnP1KkS6Dop5NS6g7R5LFYJr4b8Ub94PPQXUksCw9PvXoeXPRRddRNC5C1JQUR2SMGtnA==}
    engines: {node: '>= 14.16.0'}

  class-utils@0.3.6:
    resolution: {integrity: sha512-qOhPa/Fj7s6TY8H8esGu5QNpMMQxz79h+urzrNYN6mn+9BnxlDGf5QZ+XeCDsxSjPqsSR56XOZOJmpeurnLMeg==}
    engines: {node: '>=0.10.0'}

  collection-visit@1.0.0:
    resolution: {integrity: sha512-lNkKvzEeMBBjUGHZ+q6z9pSJla0KWAQPvtzhEV9+iGyQYG+pBpl7xKDhxoNSOZH2hhv0v5k0y2yAM4o4SjoSkw==}
    engines: {node: '>=0.10.0'}

  component-emitter@1.3.1:
    resolution: {integrity: sha512-T0+barUSQRTUQASh8bx02dl+DhF54GtIDY13Y3m9oWTklKbb3Wv974meRpeZ3lp1JpLVECWWNHC4vaG2XHXouQ==}

  concat-map@0.0.1:
    resolution: {integrity: sha512-/Srv4dswyQNBfohGpz9o6Yb3Gz3SrUDqBH5rTuhGR7ahtlbYKnVxw2bCFMRljaA7EXHaXZ8wsHdodFvbkhKmqg==}

  copy-descriptor@0.1.1:
    resolution: {integrity: sha512-XgZ0pFcakEUlbwQEVNg3+QAis1FyTL3Qel9FYy8pSkQqoG3PNoT0bOCQtOXcOkur21r2Eq2kI+IE+gsmAEVlYw==}
    engines: {node: '>=0.10.0'}

  core-js@2.6.12:
    resolution: {integrity: sha512-Kb2wC0fvsWfQrgk8HU5lW6U/Lcs8+9aaYcy4ZFc6DDlo4nZ7n70dEgE5rtR0oG6ufKDUnrwfWL1mXR5ljDatrQ==}
    deprecated: core-js@<3.23.3 is no longer maintained and not recommended for usage due to the number of issues. Because of the V8 engine whims, feature detection in old core-js versions could cause a slowdown up to 100x even if nothing is polyfilled. Some versions have web compatibility issues. Please, upgrade your dependencies to the actual version of core-js.

  core-util-is@1.0.3:
    resolution: {integrity: sha512-ZQBvi1DcpJ4GDqanjucZ2Hj3wEO5pZDS89BWbkcrvdxksJorwUDDZamX9ldFkp9aw2lmBDLgkObEA4DWNJ9FYQ==}

  cpx@1.5.0:
    resolution: {integrity: sha512-jHTjZhsbg9xWgsP2vuNW2jnnzBX+p4T+vNI9Lbjzs1n4KhOfa22bQppiFYLsWQKd8TzmL5aSP/Me3yfsCwXbDA==}
    hasBin: true

  csstype@3.1.3:
    resolution: {integrity: sha512-M1uQkMl8rQK/szD0LNhtqxIPLpimGm8sOBwU7lLnCpSbTyY3yeU1Vc7l4KT5zT4s/yOxHH5O7tIuuLOCnLADRw==}

  debug@2.6.9:
    resolution: {integrity: sha512-bC7ElrdJaJnPbAP+1EotYvqZsb3ecl5wi6Bfi6BJTUcNowp6cvspg0jXznRTKDjm/E7AdgFBVeAPVMNcKGsHMA==}
    peerDependencies:
      supports-color: '*'
    peerDependenciesMeta:
      supports-color:
        optional: true

  decode-uri-component@0.2.2:
    resolution: {integrity: sha512-FqUYQ+8o158GyGTrMFJms9qh3CqTKvAqgqsTnkLI8sKu0028orqBhxNMFkFen0zGyg6epACD32pjVk58ngIErQ==}
    engines: {node: '>=0.10'}

  define-property@0.2.5:
    resolution: {integrity: sha512-Rr7ADjQZenceVOAKop6ALkkRAmH1A4Gx9hV/7ZujPUN2rkATqFO0JZLZInbAjpZYoJ1gUx8MRMQVkYemcbMSTA==}
    engines: {node: '>=0.10.0'}

  define-property@1.0.0:
    resolution: {integrity: sha512-cZTYKFWspt9jZsMscWo8sc/5lbPC9Q0N5nBLgb+Yd915iL3udB1uFgS3B8YCx66UVHq018DAVFoee7x+gxggeA==}
    engines: {node: '>=0.10.0'}

  define-property@2.0.2:
    resolution: {integrity: sha512-jwK2UV4cnPpbcG7+VRARKTZPUWowwXA8bzH5NP6ud0oeAxyYPuGZUAC7hMugpCdz4BeSZl2Dl9k66CHJ/46ZYQ==}
    engines: {node: '>=0.10.0'}

  detect-libc@1.0.3:
    resolution: {integrity: sha512-pGjwhsmsp4kL2RTz08wcOlGN83otlqHeD/Z5T8GXZB+/YcpQ/dgo+lbU8ZsGxV0HIvqqxo9l7mqYwyYMD9bKDg==}
    engines: {node: '>=0.10'}
    hasBin: true

  duplexer@0.1.2:
    resolution: {integrity: sha512-jtD6YG370ZCIi/9GTaJKQxWTZD045+4R4hTk/x1UyoqadyJ9x9CgSi1RlVDQF8U2sxLLSnFkCaMihqljHIWgMg==}

  expand-brackets@0.1.5:
    resolution: {integrity: sha512-hxx03P2dJxss6ceIeri9cmYOT4SRs3Zk3afZwWpOsRqLqprhTR8u++SlC+sFGsQr7WGFPdMF7Gjc1njDLDK6UA==}
    engines: {node: '>=0.10.0'}

  expand-brackets@2.1.4:
    resolution: {integrity: sha512-w/ozOKR9Obk3qoWeY/WDi6MFta9AoMR+zud60mdnbniMcBxRuFJyDt2LdX/14A1UABeqk+Uk+LDfUpvoGKppZA==}
    engines: {node: '>=0.10.0'}

  expand-range@1.8.2:
    resolution: {integrity: sha512-AFASGfIlnIbkKPQwX1yHaDjFvh/1gyKJODme52V6IORh69uEYgZp0o9C+qsIGNVEiuuhQU0CSSl++Rlegg1qvA==}
    engines: {node: '>=0.10.0'}

  extend-shallow@2.0.1:
    resolution: {integrity: sha512-zCnTtlxNoAiDc3gqY2aYAWFx7XWWiasuF2K8Me5WbN8otHKTUKBwjPtNpRs/rbUZm7KxWAaNj7P1a/p52GbVug==}
    engines: {node: '>=0.10.0'}

  extend-shallow@3.0.2:
    resolution: {integrity: sha512-BwY5b5Ql4+qZoefgMj2NUmx+tehVTH/Kf4k1ZEtOHNFcm2wSxMRo992l6X3TIgni2eZVTZ85xMOjF31fwZAj6Q==}
    engines: {node: '>=0.10.0'}

  extglob@0.3.2:
    resolution: {integrity: sha512-1FOj1LOwn42TMrruOHGt18HemVnbwAmAak7krWk+wa93KXxGbK+2jpezm+ytJYDaBX0/SPLZFHKM7m+tKobWGg==}
    engines: {node: '>=0.10.0'}

  extglob@2.0.4:
    resolution: {integrity: sha512-Nmb6QXkELsuBr24CJSkilo6UHHgbekK5UiZgfE6UHD3Eb27YC6oD+bhcT+tJ6cl8dmsgdQxnWlcry8ksBIBLpw==}
    engines: {node: '>=0.10.0'}

  file-uri-to-path@1.0.0:
    resolution: {integrity: sha512-0Zt+s3L7Vf1biwWZ29aARiVYLx7iMGnEUl9x33fbB/j3jR81u/O2LbqK+Bm1CDSNDKVtJ/YjwY7TUd5SkeLQLw==}

  filename-regex@2.0.1:
    resolution: {integrity: sha512-BTCqyBaWBTsauvnHiE8i562+EdJj+oUpkqWp2R1iCoR8f6oo8STRu3of7WJJ0TqWtxN50a5YFpzYK4Jj9esYfQ==}
    engines: {node: '>=0.10.0'}

  fill-range@2.2.4:
    resolution: {integrity: sha512-cnrcCbj01+j2gTG921VZPnHbjmdAf8oQV/iGeV2kZxGSyfYjjTyY79ErsK1WJWMpw6DaApEX72binqJE+/d+5Q==}
    engines: {node: '>=0.10.0'}

  fill-range@4.0.0:
    resolution: {integrity: sha512-VcpLTWqWDiTerugjj8e3+esbg+skS3M9e54UuR3iCeIDMXCLTsAH8hTSzDQU/X6/6t3eYkOKoZSef2PlU6U1XQ==}
    engines: {node: '>=0.10.0'}

  fill-range@7.1.1:
    resolution: {integrity: sha512-YsGpe3WHLK8ZYi4tWDg2Jy3ebRz2rXowDxnld4bkQB00cc/1Zw9AWnC0i9ztDJitivtQvaI9KaLyKrc+hBW0yg==}
    engines: {node: '>=8'}

  find-index@0.1.1:
    resolution: {integrity: sha512-uJ5vWrfBKMcE6y2Z8834dwEZj9mNGxYa3t3I53OwFeuZ8D9oc2E5zcsrkuhX6h4iYrjhiv0T3szQmxlAV9uxDg==}

  for-in@1.0.2:
    resolution: {integrity: sha512-7EwmXrOjyL+ChxMhmG5lnW9MPt1aIeZEwKhQzoBUdTV0N3zuwWDZYVJatDvZ2OyzPUvdIAZDsCetk3coyMfcnQ==}
    engines: {node: '>=0.10.0'}

  for-own@0.1.5:
    resolution: {integrity: sha512-SKmowqGTJoPzLO1T0BBJpkfp3EMacCMOuH40hOUbrbzElVktk4DioXVM99QkLCyKoiuOmyjgcWMpVz2xjE7LZw==}
    engines: {node: '>=0.10.0'}

  fragment-cache@0.2.1:
    resolution: {integrity: sha512-GMBAbW9antB8iZRHLoGw0b3HANt57diZYFO/HL1JGIC1MjKrdmhxvrJbupnVvpys0zsz7yBApXdQyfepKly2kA==}
    engines: {node: '>=0.10.0'}

  fs.realpath@1.0.0:
    resolution: {integrity: sha512-OO0pH2lK6a0hZnAdau5ItzHPI6pUlvI7jMVnxUQRtw4owF2wk8lOSabtGDCTP4Ggrg2MbGnWO9X8K1t4+fGMDw==}

  fsevents@1.2.13:
    resolution: {integrity: sha512-oWb1Z6mkHIskLzEJ/XWX0srkpkTQ7vaopMQkyaEIoq0fmtFVxOthb8cCxeT+p3ynTdkk/RZwbgG4brR5BeWECw==}
    engines: {node: '>= 4.0'}
    os: [darwin]
    deprecated: Upgrade to fsevents v2 to mitigate potential security issues

  function-bind@1.1.2:
    resolution: {integrity: sha512-7XHNxH7qX9xG5mIwxkhumTox/MIRNcOgDrxWsMt2pAr23WHp6MrRlN7FBSFpCpr+oVO0F744iUgR82nJMfG2SA==}

  get-value@2.0.6:
    resolution: {integrity: sha512-Ln0UQDlxH1BapMu3GPtf7CuYNwRZf2gwCuPqbyG6pB8WfmFpzqcy4xtAaAMUhnNqjMKTiCPZG2oMT3YSx8U2NA==}
    engines: {node: '>=0.10.0'}

  glob-base@0.3.0:
    resolution: {integrity: sha512-ab1S1g1EbO7YzauaJLkgLp7DZVAqj9M/dvKlTt8DkXA2tiOIcSMrlVI2J1RZyB5iJVccEscjGn+kpOG9788MHA==}
    engines: {node: '>=0.10.0'}

  glob-parent@2.0.0:
    resolution: {integrity: sha512-JDYOvfxio/t42HKdxkAYaCiBN7oYiuxykOxKxdaUW5Qn0zaYN3gRQWolrwdnf0shM9/EP0ebuuTmyoXNr1cC5w==}

  glob2base@0.0.12:
    resolution: {integrity: sha512-ZyqlgowMbfj2NPjxaZZ/EtsXlOch28FRXgMd64vqZWk1bT9+wvSRLYD1om9M7QfQru51zJPAT17qXm4/zd+9QA==}
    engines: {node: '>= 0.10'}

  glob@7.2.3:
    resolution: {integrity: sha512-nFR0zLpU2YCaRxwoCJvL6UvCH2JFyFVIvwTLsIf21AuHlMskA1hhTdk+LlYJtOlYt9v6dvszD2BGRqBL+iQK9Q==}
    deprecated: Glob versions prior to v9 are no longer supported

  graceful-fs@4.2.11:
    resolution: {integrity: sha512-RbJ5/jmFcNNCcDV5o9eTnBLJ/HszWV0P73bc+Ff4nS/rJj+YaS6IGyiOL0VoBYX+l1Wrl3k63h/KrH+nhJ0XvQ==}

  has-value@0.3.1:
    resolution: {integrity: sha512-gpG936j8/MzaeID5Yif+577c17TxaDmhuyVgSwtnL/q8UUTySg8Mecb+8Cf1otgLoD7DDH75axp86ER7LFsf3Q==}
    engines: {node: '>=0.10.0'}

  has-value@1.0.0:
    resolution: {integrity: sha512-IBXk4GTsLYdQ7Rvt+GRBrFSVEkmuOUy4re0Xjd9kJSUQpnTrWR4/y9RpfexN9vkAPMFuQoeWKwqzPozRTlasGw==}
    engines: {node: '>=0.10.0'}

  has-values@0.1.4:
    resolution: {integrity: sha512-J8S0cEdWuQbqD9//tlZxiMuMNmxB8PlEwvYwuxsTmR1G5RXUePEX/SJn7aD0GMLieuZYSwNH0cQuJGwnYunXRQ==}
    engines: {node: '>=0.10.0'}

  has-values@1.0.0:
    resolution: {integrity: sha512-ODYZC64uqzmtfGMEAX/FvZiRyWLpAC3vYnNunURUnkGVTS+mI0smVsWaPydRBsE3g+ok7h960jChO8mFcWlHaQ==}
    engines: {node: '>=0.10.0'}

  hasown@2.0.2:
    resolution: {integrity: sha512-0hJU9SCPvmMzIBdZFqNPXWa6dqh7WdH0cII9y+CyS8rG3nL48Bclra9HmKhVVUHyPWNH5Y7xDwAB7bfgSjkUMQ==}
    engines: {node: '>= 0.4'}

  immutable@5.1.4:
    resolution: {integrity: sha512-p6u1bG3YSnINT5RQmx/yRZBpenIl30kVxkTLDyHLIMk0gict704Q9n+thfDI7lTRm9vXdDYutVzXhzcThxTnXA==}

  inflight@1.0.6:
    resolution: {integrity: sha512-k92I/b08q4wvFscXCLvqfsHCrjrF7yiXsQuIVvVE7N82W3+aqpzuUdBbfhWcy/FZR3/4IgflMgKLOsvPDrGCJA==}
    deprecated: This module is not supported, and leaks memory. Do not use it. Check out lru-cache if you want a good and tested way to coalesce async requests by a key value, which is much more comprehensive and powerful.

  inherits@2.0.4:
    resolution: {integrity: sha512-k/vGaX4/Yla3WzyMCvTQOXYeIHvqOKtnqBduzTHpzpQZzAskKMhZ2K+EnBiSM9zGSoIFeMpXKxa4dYeZIQqewQ==}

  is-accessor-descriptor@1.0.1:
    resolution: {integrity: sha512-YBUanLI8Yoihw923YeFUS5fs0fF2f5TSFTNiYAAzhhDscDa3lEqYuz1pDOEP5KvX94I9ey3vsqjJcLVFVU+3QA==}
    engines: {node: '>= 0.10'}

  is-binary-path@1.0.1:
    resolution: {integrity: sha512-9fRVlXc0uCxEDj1nQzaWONSpbTfx0FmJfzHF7pwlI8DkWGoHBBea4Pg5Ky0ojwwxQmnSifgbKkI06Qv0Ljgj+Q==}
    engines: {node: '>=0.10.0'}

  is-buffer@1.1.6:
    resolution: {integrity: sha512-NcdALwpXkTm5Zvvbk7owOUSvVvBKDgKP5/ewfXEznmQFfs4ZRmanOeKBTjRVjka3QFoN6XJ+9F3USqfHqTaU5w==}

  is-core-module@2.16.1:
    resolution: {integrity: sha512-UfoeMA6fIJ8wTYFEUjelnaGI67v6+N7qXJEvQuIGa99l4xsCruSYOVSQ0uPANn4dAzm8lkYPaKLrrijLq7x23w==}
    engines: {node: '>= 0.4'}

  is-data-descriptor@1.0.1:
    resolution: {integrity: sha512-bc4NlCDiCr28U4aEsQ3Qs2491gVq4V8G7MQyws968ImqjKuYtTJXrl7Vq7jsN7Ly/C3xj5KWFrY7sHNeDkAzXw==}
    engines: {node: '>= 0.4'}

  is-descriptor@0.1.7:
    resolution: {integrity: sha512-C3grZTvObeN1xud4cRWl366OMXZTj0+HGyk4hvfpx4ZHt1Pb60ANSXqCK7pdOTeUQpRzECBSTphqvD7U+l22Eg==}
    engines: {node: '>= 0.4'}

  is-descriptor@1.0.3:
    resolution: {integrity: sha512-JCNNGbwWZEVaSPtS45mdtrneRWJFp07LLmykxeFV5F6oBvNF8vHSfJuJgoT472pSfk+Mf8VnlrspaFBHWM8JAw==}
    engines: {node: '>= 0.4'}

  is-dotfile@1.0.3:
    resolution: {integrity: sha512-9YclgOGtN/f8zx0Pr4FQYMdibBiTaH3sn52vjYip4ZSf6C4/6RfTEZ+MR4GvKhCxdPh21Bg42/WL55f6KSnKpg==}
    engines: {node: '>=0.10.0'}

  is-equal-shallow@0.1.3:
    resolution: {integrity: sha512-0EygVC5qPvIyb+gSz7zdD5/AAoS6Qrx1e//6N4yv4oNm30kqvdmG66oZFWVlQHUWe5OjP08FuTw2IdT0EOTcYA==}
    engines: {node: '>=0.10.0'}

  is-extendable@0.1.1:
    resolution: {integrity: sha512-5BMULNob1vgFX6EjQw5izWDxrecWK9AM72rugNr0TFldMOi0fj6Jk+zeKIt0xGj4cEfQIJth4w3OKWOJ4f+AFw==}
    engines: {node: '>=0.10.0'}

  is-extendable@1.0.1:
    resolution: {integrity: sha512-arnXMxT1hhoKo9k1LZdmlNyJdDDfy2v0fXjFlmok4+i8ul/6WlbVge9bhM74OpNPQPMGUToDtz+KXa1PneJxOA==}
    engines: {node: '>=0.10.0'}

  is-extglob@1.0.0:
    resolution: {integrity: sha512-7Q+VbVafe6x2T+Tu6NcOf6sRklazEPmBoB3IWk3WdGZM2iGUwU/Oe3Wtq5lSEkDTTlpp8yx+5t4pzO/i9Ty1ww==}
    engines: {node: '>=0.10.0'}

  is-extglob@2.1.1:
    resolution: {integrity: sha512-SbKbANkN603Vi4jEZv49LeVJMn4yGwsbzZworEoyEiutsN3nJYdbO36zfhGJ6QEDpOZIFkDtnq5JRxmvl3jsoQ==}
    engines: {node: '>=0.10.0'}

  is-glob@2.0.1:
    resolution: {integrity: sha512-a1dBeB19NXsf/E0+FHqkagizel/LQw2DjSQpvQrj3zT+jYPpaUCryPnrQajXKFLCMuf4I6FhRpaGtw4lPrG6Eg==}
    engines: {node: '>=0.10.0'}

  is-glob@4.0.3:
    resolution: {integrity: sha512-xelSayHH36ZgE7ZWhli7pW34hNbNl8Ojv5KVmkJD4hBdD3th8Tfk9vYasLM+mXWOZhFkgZfxhLSnrwRr4elSSg==}
    engines: {node: '>=0.10.0'}

  is-number@2.1.0:
    resolution: {integrity: sha512-QUzH43Gfb9+5yckcrSA0VBDwEtDUchrk4F6tfJZQuNzDJbEDB9cZNzSfXGQ1jqmdDY/kl41lUOWM9syA8z8jlg==}
    engines: {node: '>=0.10.0'}

  is-number@3.0.0:
    resolution: {integrity: sha512-4cboCqIpliH+mAvFNegjZQ4kgKc3ZUhQVr3HvWbSh5q3WH2v82ct+T2Y1hdU5Gdtorx/cLifQjqCbL7bpznLTg==}
    engines: {node: '>=0.10.0'}

  is-number@4.0.0:
    resolution: {integrity: sha512-rSklcAIlf1OmFdyAqbnWTLVelsQ58uvZ66S/ZyawjWqIviTWCjg2PzVGw8WUA+nNuPTqb4wgA+NszrJ+08LlgQ==}
    engines: {node: '>=0.10.0'}

  is-number@7.0.0:
    resolution: {integrity: sha512-41Cifkg6e8TylSpdtTpeLVMqvSBEVzTttHvERD741+pnZ8ANv0004MRL43QKPDlK9cGvNp6NZWZUBlbGXYxxng==}
    engines: {node: '>=0.12.0'}

  is-plain-object@2.0.4:
    resolution: {integrity: sha512-h5PpgXkWitc38BBMYawTYMWJHFZJVnBquFE57xFpjB8pJFiF6gZ+bU+WyI/yqXiFR5mdLsgYNaPe8uao6Uv9Og==}
    engines: {node: '>=0.10.0'}

  is-posix-bracket@0.1.1:
    resolution: {integrity: sha512-Yu68oeXJ7LeWNmZ3Zov/xg/oDBnBK2RNxwYY1ilNJX+tKKZqgPK+qOn/Gs9jEu66KDY9Netf5XLKNGzas/vPfQ==}
    engines: {node: '>=0.10.0'}

  is-primitive@2.0.0:
    resolution: {integrity: sha512-N3w1tFaRfk3UrPfqeRyD+GYDASU3W5VinKhlORy8EWVf/sIdDL9GAcew85XmktCfH+ngG7SRXEVDoO18WMdB/Q==}
    engines: {node: '>=0.10.0'}

  is-windows@1.0.2:
    resolution: {integrity: sha512-eXK1UInq2bPmjyX6e3VHIzMLobc4J94i4AWn+Hpq3OU5KkrRC96OAcR3PRJ/pGu6m8TRnBHP9dkXQVsT/COVIA==}
    engines: {node: '>=0.10.0'}

  isarray@1.0.0:
    resolution: {integrity: sha512-VLghIWNM6ELQzo7zwmcg0NmTVyWKYjvIeM83yjp0wRDTmUnrM678fQbcKBo6n2CJEF0szoG//ytg+TKla89ALQ==}

  isobject@2.1.0:
    resolution: {integrity: sha512-+OUdGJlgjOBZDfxnDjYYG6zp487z0JGNQq3cYQYg5f5hKR+syHMsaztzGeml/4kGG55CSpKSpWTY+jYGgsHLgA==}
    engines: {node: '>=0.10.0'}

  isobject@3.0.1:
    resolution: {integrity: sha512-WhB9zCku7EGTj/HQQRz5aUQEUeoQZH2bWcltRErOpymJ4boYE6wL9Tbr23krRPSZ+C5zqNSrSw+Cc7sZZ4b7vg==}
    engines: {node: '>=0.10.0'}

  kind-of@3.2.2:
    resolution: {integrity: sha512-NOW9QQXMoZGg/oqnVNoNTTIFEIid1627WCffUBJEdMxYApq7mNE7CpzucIPc+ZQg25Phej7IJSmX3hO+oblOtQ==}
    engines: {node: '>=0.10.0'}

  kind-of@4.0.0:
    resolution: {integrity: sha512-24XsCxmEbRwEDbz/qz3stgin8TTzZ1ESR56OMCN0ujYg+vRutNSiOj9bHH9u85DKgXguraugV5sFuvbD4FW/hw==}
    engines: {node: '>=0.10.0'}

  kind-of@6.0.3:
    resolution: {integrity: sha512-dcS1ul+9tmeD95T+x28/ehLgd9mENa3LsvDTtzm3vyBEO7RPptvAD+t44WVXaUjTBRcrpFeFlC8WCruUR456hw==}
    engines: {node: '>=0.10.0'}

  map-cache@0.2.2:
    resolution: {integrity: sha512-8y/eV9QQZCiyn1SprXSrCmqJN0yNRATe+PO8ztwqrvrbdRLA3eYJF0yaR0YayLWkMbsQSKWS9N2gPcGEc4UsZg==}
    engines: {node: '>=0.10.0'}

  map-visit@1.0.0:
    resolution: {integrity: sha512-4y7uGv8bd2WdM9vpQsiQNo41Ln1NvhvDRuVt0k2JZQ+ezN2uaQes7lZeZ+QQUHOLQAtDaBJ+7wCbi+ab/KFs+w==}
    engines: {node: '>=0.10.0'}

  math-random@1.0.4:
    resolution: {integrity: sha512-rUxjysqif/BZQH2yhd5Aaq7vXMSx9NdEsQcyA07uEzIvxgI7zIr33gGsh+RU0/XjmQpCW7RsVof1vlkvQVCK5A==}

  micromatch@2.3.11:
    resolution: {integrity: sha512-LnU2XFEk9xxSJ6rfgAry/ty5qwUTyHYOBU0g4R6tIw5ljwgGIBmiKhRWLw5NpMOnrgUNcDJ4WMp8rl3sYVHLNA==}
    engines: {node: '>=0.10.0'}

  micromatch@3.1.10:
    resolution: {integrity: sha512-MWikgl9n9M3w+bpsY3He8L+w9eF9338xRl8IAO5viDizwSzziFEyUzo2xrrloB64ADbTf8uA8vRqqttDTOmccg==}
    engines: {node: '>=0.10.0'}

  micromatch@4.0.8:
    resolution: {integrity: sha512-PXwfBhYu0hBCPw8Dn0E+WDYb7af3dSLVWKi3HGv84IdF4TyFoC0ysxFd0Goxw7nSv4T/PzEJQxsYsEiFCKo2BA==}
    engines: {node: '>=8.6'}

  minimatch@3.1.2:
    resolution: {integrity: sha512-J7p63hRiAjw1NDEww1W7i37+ByIrOWO5XQQAzZ3VOcL0PNybwpfmV/N05zFAzwQ9USyEcX6t3UO+K5aqBQOIHw==}

  minimist@1.2.8:
    resolution: {integrity: sha512-2yyAR8qBkN3YuheJanUpWC5U3bb5osDywNB8RzDVlDwDHbocAJveqqj1u8+SVD7jkWT4yvsHCpWqqWqAxb0zCA==}

  mixin-deep@1.3.2:
    resolution: {integrity: sha512-WRoDn//mXBiJ1H40rqa3vH0toePwSsGb45iInWlTySa+Uu4k3tYUSxa2v1KqAiLtvlrSzaExqS1gtk96A9zvEA==}
    engines: {node: '>=0.10.0'}

  mkdirp@0.5.6:
    resolution: {integrity: sha512-FP+p8RB8OWpF3YZBCrP5gtADmtXApB5AMLn+vdyA+PyxCjrCs00mjyUozssO33cwDeT3wNGdLxJ5M//YqtHAJw==}
    hasBin: true

  ms@2.0.0:
    resolution: {integrity: sha512-Tpp60P6IUJDTuOq/5Z8cdskzJujfwqfOTkrwIwj7IRISpnkJnT6SyJ4PCPnGMoFjC9ddhal5KVIYtAt97ix05A==}

  nan@2.23.0:
    resolution: {integrity: sha512-1UxuyYGdoQHcGg87Lkqm3FzefucTa0NAiOcuRsDmysep3c1LVCRK2krrUDafMWtjSG04htvAmvg96+SDknOmgQ==}

  nanomatch@1.2.13:
    resolution: {integrity: sha512-fpoe2T0RbHwBTBUOftAfBPaDEi06ufaUai0mE6Yn1kacc3SnTErfb/h+X94VXzI64rKFHYImXSvdwGGCmwOqCA==}
    engines: {node: '>=0.10.0'}

  node-addon-api@7.1.1:
    resolution: {integrity: sha512-5m3bsyrjFWE1xf7nz7YXdN4udnVtXK6/Yfgn5qnahL6bCkf2yKt4k3nuTKAtT4r3IG8JNR2ncsIMdZuAzJjHQQ==}

  normalize-path@2.1.1:
    resolution: {integrity: sha512-3pKJwH184Xo/lnH6oyP1q2pMd7HcypqqmRs91/6/i2CGtWwIKGCkOOMTm/zXbgTEWHw1uNpNi/igc3ePOYHb6w==}
    engines: {node: '>=0.10.0'}

  object-copy@0.1.0:
    resolution: {integrity: sha512-79LYn6VAb63zgtmAteVOWo9Vdj71ZVBy3Pbse+VqxDpEP83XuujMrGqHIwAXJ5I/aM0zU7dIyIAhifVTPrNItQ==}
    engines: {node: '>=0.10.0'}

  object-visit@1.0.1:
    resolution: {integrity: sha512-GBaMwwAVK9qbQN3Scdo0OyvgPW7l3lnaVMj84uTOZlswkX0KpF6fyDBJhtTthf7pymztoN36/KEr1DyhF96zEA==}
    engines: {node: '>=0.10.0'}

  object.omit@2.0.1:
    resolution: {integrity: sha512-UiAM5mhmIuKLsOvrL+B0U2d1hXHF3bFYWIuH1LMpuV2EJEHG1Ntz06PgLEHjm6VFd87NpH8rastvPoyv6UW2fA==}
    engines: {node: '>=0.10.0'}

  object.pick@1.3.0:
    resolution: {integrity: sha512-tqa/UMy/CCoYmj+H5qc07qvSL9dqcs/WZENZ1JbtWBlATP+iVOe778gE6MSijnyCnORzDuX6hU+LA4SZ09YjFQ==}
    engines: {node: '>=0.10.0'}

  once@1.4.0:
    resolution: {integrity: sha512-lNaJgI+2Q5URQBkccEKHTQOPaXdUxnZZElQTZY0MFUAuaEqe1E+Nyvgdz/aIyNi6Z9MzO5dv1H8n58/GELp3+w==}

  parse-glob@3.0.4:
    resolution: {integrity: sha512-FC5TeK0AwXzq3tUBFtH74naWkPQCEWs4K+xMxWZBlKDWu0bVHXGZa+KKqxKidd7xwhdZ19ZNuF2uO1M/r196HA==}
    engines: {node: '>=0.10.0'}

  pascalcase@0.1.1:
    resolution: {integrity: sha512-XHXfu/yOQRy9vYOtUDVMN60OEJjW013GoObG1o+xwQTpB9eYJX/BjXMsdW13ZDPruFhYYn0AG22w0xgQMwl3Nw==}
    engines: {node: '>=0.10.0'}

  path-is-absolute@1.0.1:
    resolution: {integrity: sha512-AVbw3UJ2e9bq64vSaS9Am0fje1Pa8pbGqTTsmXfaIiMpnr5DlDhfJOuLj9Sf95ZPVDAUerDfEk88MPmPe7UCQg==}
    engines: {node: '>=0.10.0'}

  path-parse@1.0.7:
    resolution: {integrity: sha512-LDJzPVEEEPR+y48z93A0Ed0yXb8pAByGWo/k5YYdYgpY2/2EsOsksJrq7lOHxryrVOn1ejG6oAp8ahvOIQD8sw==}

  picomatch@2.3.1:
    resolution: {integrity: sha512-JU3teHTNjmE2VCGFzuY8EXzCDVwEqB2a8fsIvwaStHhAWJEeVd1o1QD80CU6+ZdEXXSLbSsuLwJjkCBWqRQUVA==}
    engines: {node: '>=8.6'}

  posix-character-classes@0.1.1:
    resolution: {integrity: sha512-xTgYBc3fuo7Yt7JbiuFxSYGToMoz8fLoE6TC9Wx1P/u+LfeThMOAqmuyECnlBaaJb+u1m9hHiXUEtwW4OzfUJg==}
    engines: {node: '>=0.10.0'}

  preserve@0.2.0:
    resolution: {integrity: sha512-s/46sYeylUfHNjI+sA/78FAHlmIuKqI9wNnzEOGehAlUUYeObv5C2mOinXBjyUyWmJ2SfcS2/ydApH4hTF4WXQ==}
    engines: {node: '>=0.10.0'}

  process-nextick-args@2.0.1:
    resolution: {integrity: sha512-3ouUOpQhtgrbOa17J7+uxOTpITYWaGP7/AhoR3+A+/1e9skrzelGi/dXzEYyvbxubEF6Wn2ypscTKiKJFFn1ag==}

  randomatic@3.1.1:
    resolution: {integrity: sha512-TuDE5KxZ0J461RVjrJZCJc+J+zCkTb1MbH9AQUq68sMhOMcy9jLcb3BrZKgp9q9Ncltdg4QVqWrH02W2EFFVYw==}
    engines: {node: '>= 0.10.0'}

  readable-stream@2.3.8:
    resolution: {integrity: sha512-8p0AUk4XODgIewSi0l8Epjs+EVnWiK7NoDIEGU0HhE7+ZyY8D1IMY7odu5lRrFXGg71L15KG8QrPmum45RTtdA==}

  readdirp@2.2.1:
    resolution: {integrity: sha512-1JU/8q+VgFZyxwrJ+SVIOsh+KywWGpds3NTqikiKpDMZWScmAYyKIgqkO+ARvNWJfXeXR1zxz7aHF4u4CyH6vQ==}
    engines: {node: '>=0.10'}

  readdirp@4.1.2:
    resolution: {integrity: sha512-GDhwkLfywWL2s6vEjyhri+eXmfH6j1L7JE27WhqLeYzoh/A3DBaYGEj2H/HFZCn/kMfim73FXxEJTw06WtxQwg==}
    engines: {node: '>= 14.18.0'}

  regenerator-runtime@0.11.1:
    resolution: {integrity: sha512-MguG95oij0fC3QV3URf4V2SDYGJhJnJGqvIIgdECeODCT98wSWDAJ94SSuVpYQUoTcGUIL6L4yNB7j1DFFHSBg==}

  regex-cache@0.4.4:
    resolution: {integrity: sha512-nVIZwtCjkC9YgvWkpM55B5rBhBYRZhAaJbgcFYXXsHnbZ9UZI9nnVWYZpBlCqv9ho2eZryPnWrZGsOdPwVWXWQ==}
    engines: {node: '>=0.10.0'}

  regex-not@1.0.2:
    resolution: {integrity: sha512-J6SDjUgDxQj5NusnOtdFxDwN/+HWykR8GELwctJ7mdqhcyy1xEc4SRFHUXvxTp661YaVKAjfRLZ9cCqS6tn32A==}
    engines: {node: '>=0.10.0'}

  remove-trailing-separator@1.1.0:
    resolution: {integrity: sha512-/hS+Y0u3aOfIETiaiirUFwDBDzmXPvO+jAfKTitUngIPzdKc6Z0LoFjM/CK5PL4C+eKwHohlHAb6H0VFfmmUsw==}

  repeat-element@1.1.4:
    resolution: {integrity: sha512-LFiNfRcSu7KK3evMyYOuCzv3L10TW7yC1G2/+StMjK8Y6Vqd2MG7r/Qjw4ghtuCOjFvlnms/iMmLqpvW/ES/WQ==}
    engines: {node: '>=0.10.0'}

  repeat-string@1.6.1:
    resolution: {integrity: sha512-PV0dzCYDNfRi1jCDbJzpW7jNNDRuCOG/jI5ctQcGKt/clZD+YcPS3yIlWuTJMmESC8aevCFmWJy5wjAFgNqN6w==}
    engines: {node: '>=0.10'}

  resolve-url@0.2.1:
    resolution: {integrity: sha512-ZuF55hVUQaaczgOIwqWzkEcEidmlD/xl44x1UZnhOXcYuFN2S6+rcxpG+C1N3So0wvNI3DmJICUFfu2SxhBmvg==}
    deprecated: https://github.com/lydell/resolve-url#deprecated

  resolve@1.22.11:
    resolution: {integrity: sha512-RfqAvLnMl313r7c9oclB1HhUEAezcpLjz95wFH4LVuhk9JF/r22qmVP9AMmOU4vMX7Q8pN8jwNg/CSpdFnMjTQ==}
    engines: {node: '>= 0.4'}
    hasBin: true

  ret@0.1.15:
    resolution: {integrity: sha512-TTlYpa+OL+vMMNG24xSlQGEJ3B/RzEfUlLct7b5G/ytav+wPrplCpVMFuwzXbkecJrb6IYo1iFb0S9v37754mg==}
    engines: {node: '>=0.12'}

  safe-buffer@5.1.2:
    resolution: {integrity: sha512-Gd2UZBJDkXlY7GbJxfsE8/nvKkUEU1G38c1siN6QP6a9PT9MmHB8GnpscSmMJSoF8LOIrt8ud/wPtojys4G6+g==}

  safe-buffer@5.2.1:
    resolution: {integrity: sha512-rp3So07KcdmmKbGvgaNxQSJr7bGVSVk5S9Eq1F+ppbRo70+YeaDxkw5Dd8NPN+GD6bjnYm2VuPuCXmpuYvmCXQ==}

  safe-regex@1.1.0:
    resolution: {integrity: sha512-aJXcif4xnaNUzvUuC5gcb46oTS7zvg4jpMTnuqtrEPlR3vFr4pxtdTwaF1Qs3Enjn9HK+ZlwQui+a7z0SywIzg==}

  sass@1.93.2:
    resolution: {integrity: sha512-t+YPtOQHpGW1QWsh1CHQ5cPIr9lbbGZLZnbihP/D/qZj/yuV68m8qarcV17nvkOX81BCrvzAlq2klCQFZghyTg==}
    engines: {node: '>=14.0.0'}
    hasBin: true

  set-value@2.0.1:
    resolution: {integrity: sha512-JxHc1weCN68wRY0fhCoXpyK55m/XPHafOmK4UWD7m2CI14GMcFypt4w/0+NV5f/ZMby2F6S2wwA7fgynh9gWSw==}
    engines: {node: '>=0.10.0'}

  shell-quote@1.8.3:
    resolution: {integrity: sha512-ObmnIF4hXNg1BqhnHmgbDETF8dLPCggZWBjkQfhZpbszZnYur5DUljTcCHii5LC3J5E0yeO/1LIMyH+UvHQgyw==}
    engines: {node: '>= 0.4'}

  snapdragon-node@2.1.1:
    resolution: {integrity: sha512-O27l4xaMYt/RSQ5TR3vpWCAB5Kb/czIcqUFOM/C4fYcLnbZUc1PkjTAMjof2pBWaSTwOUd6qUHcFGVGj7aIwnw==}
    engines: {node: '>=0.10.0'}

  snapdragon-util@3.0.1:
    resolution: {integrity: sha512-mbKkMdQKsjX4BAL4bRYTj21edOf8cN7XHdYUJEe+Zn99hVEYcMvKPct1IqNe7+AZPirn8BCDOQBHQZknqmKlZQ==}
    engines: {node: '>=0.10.0'}

  snapdragon@0.8.2:
    resolution: {integrity: sha512-FtyOnWN/wCHTVXOMwvSv26d+ko5vWlIDD6zoUJ7LW8vh+ZBC8QdljveRP+crNrtBwioEUWy/4dMtbBjA4ioNlg==}
    engines: {node: '>=0.10.0'}

  source-map-js@1.2.1:
    resolution: {integrity: sha512-UXWMKhLOwVKb728IUtQPXxfYU+usdybtUrK/8uGE8CQMvrhOpwvzDBwj0QhSL7MQc7vIsISBG8VQ8+IDQxpfQA==}
    engines: {node: '>=0.10.0'}

  source-map-resolve@0.5.3:
    resolution: {integrity: sha512-Htz+RnsXWk5+P2slx5Jh3Q66vhQj1Cllm0zvnaY98+NFx+Dv2CF/f5O/t8x+KaNdrdIAsruNzoh/KpialbqAnw==}
    deprecated: See https://github.com/lydell/source-map-resolve#deprecated

  source-map-url@0.4.1:
    resolution: {integrity: sha512-cPiFOTLUKvJFIg4SKVScy4ilPPW6rFgMgfuZJPNoDuMs3nC1HbMUycBoJw77xFIp6z1UJQJOfx6C9GMH80DiTw==}
    deprecated: See https://github.com/lydell/source-map-url#deprecated

  source-map@0.5.7:
    resolution: {integrity: sha512-LbrmJOMUSdEVxIKvdcJzQC+nQhe8FUZQTXQy6+I75skNgn3OoQ0DZA8YnFa7gp8tqtL3KPf1kmo0R5DoApeSGQ==}
    engines: {node: '>=0.10.0'}

  split-string@3.1.0:
    resolution: {integrity: sha512-NzNVhJDYpwceVVii8/Hu6DKfD2G+NrQHlS/V/qgv763EYudVwEcMQNxd2lh+0VrUByXN/oJkl5grOhYWvQUYiw==}
    engines: {node: '>=0.10.0'}

  static-extend@0.1.2:
    resolution: {integrity: sha512-72E9+uLc27Mt718pMHt9VMNiAL4LMsmDbBva8mxWUCkT07fSzEGMYUCk0XWY6lp0j6RBAG4cJ3mWuZv2OE3s0g==}
    engines: {node: '>=0.10.0'}

  string_decoder@1.1.1:
    resolution: {integrity: sha512-n/ShnvDi6FHbbVfviro+WojiFzv+s8MPMHBczVePfUpDJLwoLT0ht1l4YwBCbi8pJAveEEdnkHyPyTP/mzRfwg==}

  subarg@1.0.0:
    resolution: {integrity: sha512-RIrIdRY0X1xojthNcVtgT9sjpOGagEUKpZdgBUi054OEPFo282yg+zE+t1Rj3+RqKq2xStL7uUHhY+AjbC4BXg==}

  supports-preserve-symlinks-flag@1.0.0:
    resolution: {integrity: sha512-ot0WnXS9fgdkgIcePe6RHNk1WA8+muPa6cSjeR3V8K27q9BB1rTE3R1p7Hv0z1ZyAc8s6Vvv8DIyWf681MAt0w==}
    engines: {node: '>= 0.4'}

  to-object-path@0.3.0:
    resolution: {integrity: sha512-9mWHdnGRuh3onocaHzukyvCZhzvr6tiflAy/JRFXcJX0TjgfWA9pk9t8CMbzmBE4Jfw58pXbkngtBtqYxzNEyg==}
    engines: {node: '>=0.10.0'}

  to-regex-range@2.1.1:
    resolution: {integrity: sha512-ZZWNfCjUokXXDGXFpZehJIkZqq91BcULFq/Pi7M5i4JnxXdhMKAK682z8bCW3o8Hj1wuuzoKcW3DfVzaP6VuNg==}
    engines: {node: '>=0.10.0'}

  to-regex-range@5.0.1:
    resolution: {integrity: sha512-65P7iz6X5yEr1cwcgvQxbbIw7Uk3gOy5dIdtZ4rDveLqhrdJP+Li/Hx6tyK0NEb+2GCyneCMJiGqrADCSNk8sQ==}
    engines: {node: '>=8.0'}

  to-regex@3.0.2:
    resolution: {integrity: sha512-FWtleNAtZ/Ki2qtqej2CXTOayOH9bHDQF+Q48VpWyDXjbYxA4Yz8iDB31zXOBUlOHHKidDbqGVrTUvQMPmBGBw==}
    engines: {node: '>=0.10.0'}

  typescript@5.9.3:
    resolution: {integrity: sha512-jl1vZzPDinLr9eUt3J/t7V6FgNEw9QjvBPdysz9KfQDD41fQrC2Y4vKQdiaUpFT4bXlb1RHhLpp8wtm6M5TgSw==}
    engines: {node: '>=14.17'}
    hasBin: true

  union-value@1.0.1:
    resolution: {integrity: sha512-tJfXmxMeWYnczCVs7XAEvIV7ieppALdyepWMkHkwciRpZraG/xwT+s2JN8+pr1+8jCRf80FFzvr+MpQeeoF4Xg==}
    engines: {node: '>=0.10.0'}

  unset-value@1.0.0:
    resolution: {integrity: sha512-PcA2tsuGSF9cnySLHTLSh2qrQiJ70mn+r+Glzxv2TWZblxsxCC52BDlZoPCsz7STd9pN7EZetkWZBAvk4cgZdQ==}
    engines: {node: '>=0.10.0'}

  urix@0.1.0:
    resolution: {integrity: sha512-Am1ousAhSLBeB9cG/7k7r2R0zj50uDRlZHPGbazid5s9rlF1F/QKYObEKSIunSjIOkJZqwRRLpvewjEkM7pSqg==}
    deprecated: Please see https://github.com/lydell/urix#deprecated

  use@3.1.1:
    resolution: {integrity: sha512-cwESVXlO3url9YWlFW/TA9cshCEhtu7IKJ/p5soJ/gGpj7vbvFrAY/eIioQ6Dw23KjZhYgiIo8HOs1nQ2vr/oQ==}
    engines: {node: '>=0.10.0'}

  util-deprecate@1.0.2:
    resolution: {integrity: sha512-EPD5q1uXyFxJpCrLnCc1nHnq3gOa6DZBocAIiI2TaSCA7VCJ1UJDMagCzIkXNsUYfD1daK//LTEQ8xiIbrHtcw==}

  wrappy@1.0.2:
    resolution: {integrity: sha512-l4Sp/DRseor9wL6EvV2+TuQn63dMkPjZ/sp9XkghTEbV9KlPS1xUsZ3u7/IQO4wxtcFB4bgpQPRcR3QCvezPcQ==}

snapshots:

  '@parcel/watcher-android-arm64@2.5.1':
    optional: true

  '@parcel/watcher-darwin-arm64@2.5.1':
    optional: true

  '@parcel/watcher-darwin-x64@2.5.1':
    optional: true

  '@parcel/watcher-freebsd-x64@2.5.1':
    optional: true

  '@parcel/watcher-linux-arm-glibc@2.5.1':
    optional: true

  '@parcel/watcher-linux-arm-musl@2.5.1':
    optional: true

  '@parcel/watcher-linux-arm64-glibc@2.5.1':
    optional: true

  '@parcel/watcher-linux-arm64-musl@2.5.1':
    optional: true

  '@parcel/watcher-linux-x64-glibc@2.5.1':
    optional: true

  '@parcel/watcher-linux-x64-musl@2.5.1':
    optional: true

  '@parcel/watcher-win32-arm64@2.5.1':
    optional: true

  '@parcel/watcher-win32-ia32@2.5.1':
    optional: true

  '@parcel/watcher-win32-x64@2.5.1':
    optional: true

  '@parcel/watcher@2.5.1':
    dependencies:
      detect-libc: 1.0.3
      is-glob: 4.0.3
      micromatch: 4.0.8
      node-addon-api: 7.1.1
    optionalDependencies:
      '@parcel/watcher-android-arm64': 2.5.1
      '@parcel/watcher-darwin-arm64': 2.5.1
      '@parcel/watcher-darwin-x64': 2.5.1
      '@parcel/watcher-freebsd-x64': 2.5.1
      '@parcel/watcher-linux-arm-glibc': 2.5.1
      '@parcel/watcher-linux-arm-musl': 2.5.1
      '@parcel/watcher-linux-arm64-glibc': 2.5.1
      '@parcel/watcher-linux-arm64-musl': 2.5.1
      '@parcel/watcher-linux-x64-glibc': 2.5.1
      '@parcel/watcher-linux-x64-musl': 2.5.1
      '@parcel/watcher-win32-arm64': 2.5.1
      '@parcel/watcher-win32-ia32': 2.5.1
      '@parcel/watcher-win32-x64': 2.5.1
    optional: true

  '@types/prop-types@15.7.15': {}

  '@types/react-dom@18.3.7(@types/react@18.3.26)':
    dependencies:
      '@types/react': 18.3.26

  '@types/react@18.3.26':
    dependencies:
      '@types/prop-types': 15.7.15
      csstype: 3.1.3

  anymatch@1.3.2:
    dependencies:
      micromatch: 2.3.11
      normalize-path: 2.1.1

  arr-diff@2.0.0:
    dependencies:
      arr-flatten: 1.1.0

  arr-diff@4.0.0: {}

  arr-flatten@1.1.0: {}

  arr-union@3.1.0: {}

  array-unique@0.2.1: {}

  array-unique@0.3.2: {}

  assign-symbols@1.0.0: {}

  async-each@1.0.6: {}

  atob@2.1.2: {}

  babel-runtime@6.26.0:
    dependencies:
      core-js: 2.6.12
      regenerator-runtime: 0.11.1

  balanced-match@1.0.2: {}

  base@0.11.2:
    dependencies:
      cache-base: 1.0.1
      class-utils: 0.3.6
      component-emitter: 1.3.1
      define-property: 1.0.0
      isobject: 3.0.1
      mixin-deep: 1.3.2
      pascalcase: 0.1.1

  binary-extensions@1.13.1: {}

  bindings@1.5.0:
    dependencies:
      file-uri-to-path: 1.0.0
    optional: true

  brace-expansion@1.1.12:
    dependencies:
      balanced-match: 1.0.2
      concat-map: 0.0.1

  braces@1.8.5:
    dependencies:
      expand-range: 1.8.2
      preserve: 0.2.0
      repeat-element: 1.1.4

  braces@2.3.2:
    dependencies:
      arr-flatten: 1.1.0
      array-unique: 0.3.2
      extend-shallow: 2.0.1
      fill-range: 4.0.0
      isobject: 3.0.1
      repeat-element: 1.1.4
      snapdragon: 0.8.2
      snapdragon-node: 2.1.1
      split-string: 3.1.0
      to-regex: 3.0.2
    transitivePeerDependencies:
      - supports-color

  braces@3.0.3:
    dependencies:
      fill-range: 7.1.1
    optional: true

  cache-base@1.0.1:
    dependencies:
      collection-visit: 1.0.0
      component-emitter: 1.3.1
      get-value: 2.0.6
      has-value: 1.0.0
      isobject: 3.0.1
      set-value: 2.0.1
      to-object-path: 0.3.0
      union-value: 1.0.1
      unset-value: 1.0.0

  chokidar@1.7.0:
    dependencies:
      anymatch: 1.3.2
      async-each: 1.0.6
      glob-parent: 2.0.0
      inherits: 2.0.4
      is-binary-path: 1.0.1
      is-glob: 2.0.1
      path-is-absolute: 1.0.1
      readdirp: 2.2.1
    optionalDependencies:
      fsevents: 1.2.13
    transitivePeerDependencies:
      - supports-color

  chokidar@4.0.3:
    dependencies:
      readdirp: 4.1.2

  class-utils@0.3.6:
    dependencies:
      arr-union: 3.1.0
      define-property: 0.2.5
      isobject: 3.0.1
      static-extend: 0.1.2

  collection-visit@1.0.0:
    dependencies:
      map-visit: 1.0.0
      object-visit: 1.0.1

  component-emitter@1.3.1: {}

  concat-map@0.0.1: {}

  copy-descriptor@0.1.1: {}

  core-js@2.6.12: {}

  core-util-is@1.0.3: {}

  cpx@1.5.0:
    dependencies:
      babel-runtime: 6.26.0
      chokidar: 1.7.0
      duplexer: 0.1.2
      glob: 7.2.3
      glob2base: 0.0.12
      minimatch: 3.1.2
      mkdirp: 0.5.6
      resolve: 1.22.11
      safe-buffer: 5.2.1
      shell-quote: 1.8.3
      subarg: 1.0.0
    transitivePeerDependencies:
      - supports-color

  csstype@3.1.3: {}

  debug@2.6.9:
    dependencies:
      ms: 2.0.0

  decode-uri-component@0.2.2: {}

  define-property@0.2.5:
    dependencies:
      is-descriptor: 0.1.7

  define-property@1.0.0:
    dependencies:
      is-descriptor: 1.0.3

  define-property@2.0.2:
    dependencies:
      is-descriptor: 1.0.3
      isobject: 3.0.1

  detect-libc@1.0.3:
    optional: true

  duplexer@0.1.2: {}

  expand-brackets@0.1.5:
    dependencies:
      is-posix-bracket: 0.1.1

  expand-brackets@2.1.4:
    dependencies:
      debug: 2.6.9
      define-property: 0.2.5
      extend-shallow: 2.0.1
      posix-character-classes: 0.1.1
      regex-not: 1.0.2
      snapdragon: 0.8.2
      to-regex: 3.0.2
    transitivePeerDependencies:
      - supports-color

  expand-range@1.8.2:
    dependencies:
      fill-range: 2.2.4

  extend-shallow@2.0.1:
    dependencies:
      is-extendable: 0.1.1

  extend-shallow@3.0.2:
    dependencies:
      assign-symbols: 1.0.0
      is-extendable: 1.0.1

  extglob@0.3.2:
    dependencies:
      is-extglob: 1.0.0

  extglob@2.0.4:
    dependencies:
      array-unique: 0.3.2
      define-property: 1.0.0
      expand-brackets: 2.1.4
      extend-shallow: 2.0.1
      fragment-cache: 0.2.1
      regex-not: 1.0.2
      snapdragon: 0.8.2
      to-regex: 3.0.2
    transitivePeerDependencies:
      - supports-color

  file-uri-to-path@1.0.0:
    optional: true

  filename-regex@2.0.1: {}

  fill-range@2.2.4:
    dependencies:
      is-number: 2.1.0
      isobject: 2.1.0
      randomatic: 3.1.1
      repeat-element: 1.1.4
      repeat-string: 1.6.1

  fill-range@4.0.0:
    dependencies:
      extend-shallow: 2.0.1
      is-number: 3.0.0
      repeat-string: 1.6.1
      to-regex-range: 2.1.1

  fill-range@7.1.1:
    dependencies:
      to-regex-range: 5.0.1
    optional: true

  find-index@0.1.1: {}

  for-in@1.0.2: {}

  for-own@0.1.5:
    dependencies:
      for-in: 1.0.2

  fragment-cache@0.2.1:
    dependencies:
      map-cache: 0.2.2

  fs.realpath@1.0.0: {}

  fsevents@1.2.13:
    dependencies:
      bindings: 1.5.0
      nan: 2.23.0
    optional: true

  function-bind@1.1.2: {}

  get-value@2.0.6: {}

  glob-base@0.3.0:
    dependencies:
      glob-parent: 2.0.0
      is-glob: 2.0.1

  glob-parent@2.0.0:
    dependencies:
      is-glob: 2.0.1

  glob2base@0.0.12:
    dependencies:
      find-index: 0.1.1

  glob@7.2.3:
    dependencies:
      fs.realpath: 1.0.0
      inflight: 1.0.6
      inherits: 2.0.4
      minimatch: 3.1.2
      once: 1.4.0
      path-is-absolute: 1.0.1

  graceful-fs@4.2.11: {}

  has-value@0.3.1:
    dependencies:
      get-value: 2.0.6
      has-values: 0.1.4
      isobject: 2.1.0

  has-value@1.0.0:
    dependencies:
      get-value: 2.0.6
      has-values: 1.0.0
      isobject: 3.0.1

  has-values@0.1.4: {}

  has-values@1.0.0:
    dependencies:
      is-number: 3.0.0
      kind-of: 4.0.0

  hasown@2.0.2:
    dependencies:
      function-bind: 1.1.2

  immutable@5.1.4: {}

  inflight@1.0.6:
    dependencies:
      once: 1.4.0
      wrappy: 1.0.2

  inherits@2.0.4: {}

  is-accessor-descriptor@1.0.1:
    dependencies:
      hasown: 2.0.2

  is-binary-path@1.0.1:
    dependencies:
      binary-extensions: 1.13.1

  is-buffer@1.1.6: {}

  is-core-module@2.16.1:
    dependencies:
      hasown: 2.0.2

  is-data-descriptor@1.0.1:
    dependencies:
      hasown: 2.0.2

  is-descriptor@0.1.7:
    dependencies:
      is-accessor-descriptor: 1.0.1
      is-data-descriptor: 1.0.1

  is-descriptor@1.0.3:
    dependencies:
      is-accessor-descriptor: 1.0.1
      is-data-descriptor: 1.0.1

  is-dotfile@1.0.3: {}

  is-equal-shallow@0.1.3:
    dependencies:
      is-primitive: 2.0.0

  is-extendable@0.1.1: {}

  is-extendable@1.0.1:
    dependencies:
      is-plain-object: 2.0.4

  is-extglob@1.0.0: {}

  is-extglob@2.1.1:
    optional: true

  is-glob@2.0.1:
    dependencies:
      is-extglob: 1.0.0

  is-glob@4.0.3:
    dependencies:
      is-extglob: 2.1.1
    optional: true

  is-number@2.1.0:
    dependencies:
      kind-of: 3.2.2

  is-number@3.0.0:
    dependencies:
      kind-of: 3.2.2

  is-number@4.0.0: {}

  is-number@7.0.0:
    optional: true

  is-plain-object@2.0.4:
    dependencies:
      isobject: 3.0.1

  is-posix-bracket@0.1.1: {}

  is-primitive@2.0.0: {}

  is-windows@1.0.2: {}

  isarray@1.0.0: {}

  isobject@2.1.0:
    dependencies:
      isarray: 1.0.0

  isobject@3.0.1: {}

  kind-of@3.2.2:
    dependencies:
      is-buffer: 1.1.6

  kind-of@4.0.0:
    dependencies:
      is-buffer: 1.1.6

  kind-of@6.0.3: {}

  map-cache@0.2.2: {}

  map-visit@1.0.0:
    dependencies:
      object-visit: 1.0.1

  math-random@1.0.4: {}

  micromatch@2.3.11:
    dependencies:
      arr-diff: 2.0.0
      array-unique: 0.2.1
      braces: 1.8.5
      expand-brackets: 0.1.5
      extglob: 0.3.2
      filename-regex: 2.0.1
      is-extglob: 1.0.0
      is-glob: 2.0.1
      kind-of: 3.2.2
      normalize-path: 2.1.1
      object.omit: 2.0.1
      parse-glob: 3.0.4
      regex-cache: 0.4.4

  micromatch@3.1.10:
    dependencies:
      arr-diff: 4.0.0
      array-unique: 0.3.2
      braces: 2.3.2
      define-property: 2.0.2
      extend-shallow: 3.0.2
      extglob: 2.0.4
      fragment-cache: 0.2.1
      kind-of: 6.0.3
      nanomatch: 1.2.13
      object.pick: 1.3.0
      regex-not: 1.0.2
      snapdragon: 0.8.2
      to-regex: 3.0.2
    transitivePeerDependencies:
      - supports-color

  micromatch@4.0.8:
    dependencies:
      braces: 3.0.3
      picomatch: 2.3.1
    optional: true

  minimatch@3.1.2:
    dependencies:
      brace-expansion: 1.1.12

  minimist@1.2.8: {}

  mixin-deep@1.3.2:
    dependencies:
      for-in: 1.0.2
      is-extendable: 1.0.1

  mkdirp@0.5.6:
    dependencies:
      minimist: 1.2.8

  ms@2.0.0: {}

  nan@2.23.0:
    optional: true

  nanomatch@1.2.13:
    dependencies:
      arr-diff: 4.0.0
      array-unique: 0.3.2
      define-property: 2.0.2
      extend-shallow: 3.0.2
      fragment-cache: 0.2.1
      is-windows: 1.0.2
      kind-of: 6.0.3
      object.pick: 1.3.0
      regex-not: 1.0.2
      snapdragon: 0.8.2
      to-regex: 3.0.2
    transitivePeerDependencies:
      - supports-color

  node-addon-api@7.1.1:
    optional: true

  normalize-path@2.1.1:
    dependencies:
      remove-trailing-separator: 1.1.0

  object-copy@0.1.0:
    dependencies:
      copy-descriptor: 0.1.1
      define-property: 0.2.5
      kind-of: 3.2.2

  object-visit@1.0.1:
    dependencies:
      isobject: 3.0.1

  object.omit@2.0.1:
    dependencies:
      for-own: 0.1.5
      is-extendable: 0.1.1

  object.pick@1.3.0:
    dependencies:
      isobject: 3.0.1

  once@1.4.0:
    dependencies:
      wrappy: 1.0.2

  parse-glob@3.0.4:
    dependencies:
      glob-base: 0.3.0
      is-dotfile: 1.0.3
      is-extglob: 1.0.0
      is-glob: 2.0.1

  pascalcase@0.1.1: {}

  path-is-absolute@1.0.1: {}

  path-parse@1.0.7: {}

  picomatch@2.3.1:
    optional: true

  posix-character-classes@0.1.1: {}

  preserve@0.2.0: {}

  process-nextick-args@2.0.1: {}

  randomatic@3.1.1:
    dependencies:
      is-number: 4.0.0
      kind-of: 6.0.3
      math-random: 1.0.4

  readable-stream@2.3.8:
    dependencies:
      core-util-is: 1.0.3
      inherits: 2.0.4
      isarray: 1.0.0
      process-nextick-args: 2.0.1
      safe-buffer: 5.1.2
      string_decoder: 1.1.1
      util-deprecate: 1.0.2

  readdirp@2.2.1:
    dependencies:
      graceful-fs: 4.2.11
      micromatch: 3.1.10
      readable-stream: 2.3.8
    transitivePeerDependencies:
      - supports-color

  readdirp@4.1.2: {}

  regenerator-runtime@0.11.1: {}

  regex-cache@0.4.4:
    dependencies:
      is-equal-shallow: 0.1.3

  regex-not@1.0.2:
    dependencies:
      extend-shallow: 3.0.2
      safe-regex: 1.1.0

  remove-trailing-separator@1.1.0: {}

  repeat-element@1.1.4: {}

  repeat-string@1.6.1: {}

  resolve-url@0.2.1: {}

  resolve@1.22.11:
    dependencies:
      is-core-module: 2.16.1
      path-parse: 1.0.7
      supports-preserve-symlinks-flag: 1.0.0

  ret@0.1.15: {}

  safe-buffer@5.1.2: {}

  safe-buffer@5.2.1: {}

  safe-regex@1.1.0:
    dependencies:
      ret: 0.1.15

  sass@1.93.2:
    dependencies:
      chokidar: 4.0.3
      immutable: 5.1.4
      source-map-js: 1.2.1
    optionalDependencies:
      '@parcel/watcher': 2.5.1

  set-value@2.0.1:
    dependencies:
      extend-shallow: 2.0.1
      is-extendable: 0.1.1
      is-plain-object: 2.0.4
      split-string: 3.1.0

  shell-quote@1.8.3: {}

  snapdragon-node@2.1.1:
    dependencies:
      define-property: 1.0.0
      isobject: 3.0.1
      snapdragon-util: 3.0.1

  snapdragon-util@3.0.1:
    dependencies:
      kind-of: 3.2.2

  snapdragon@0.8.2:
    dependencies:
      base: 0.11.2
      debug: 2.6.9
      define-property: 0.2.5
      extend-shallow: 2.0.1
      map-cache: 0.2.2
      source-map: 0.5.7
      source-map-resolve: 0.5.3
      use: 3.1.1
    transitivePeerDependencies:
      - supports-color

  source-map-js@1.2.1: {}

  source-map-resolve@0.5.3:
    dependencies:
      atob: 2.1.2
      decode-uri-component: 0.2.2
      resolve-url: 0.2.1
      source-map-url: 0.4.1
      urix: 0.1.0

  source-map-url@0.4.1: {}

  source-map@0.5.7: {}

  split-string@3.1.0:
    dependencies:
      extend-shallow: 3.0.2

  static-extend@0.1.2:
    dependencies:
      define-property: 0.2.5
      object-copy: 0.1.0

  string_decoder@1.1.1:
    dependencies:
      safe-buffer: 5.1.2

  subarg@1.0.0:
    dependencies:
      minimist: 1.2.8

  supports-preserve-symlinks-flag@1.0.0: {}

  to-object-path@0.3.0:
    dependencies:
      kind-of: 3.2.2

  to-regex-range@2.1.1:
    dependencies:
      is-number: 3.0.0
      repeat-string: 1.6.1

  to-regex-range@5.0.1:
    dependencies:
      is-number: 7.0.0
    optional: true

  to-regex@3.0.2:
    dependencies:
      define-property: 2.0.2
      extend-shallow: 3.0.2
      regex-not: 1.0.2
      safe-regex: 1.1.0

  typescript@5.9.3: {}

  union-value@1.0.1:
    dependencies:
      arr-union: 3.1.0
      get-value: 2.0.6
      is-extendable: 0.1.1
      set-value: 2.0.1

  unset-value@1.0.0:
    dependencies:
      has-value: 0.3.1
      isobject: 3.0.1

  urix@0.1.0: {}

  use@3.1.1: {}

  util-deprecate@1.0.2: {}

  wrappy@1.0.2: {}
