{
  "name": "stash4deovr",
  "lockfileVersion": 3,
  "requires": true,
  "packages": {
    "": {
      "devDependencies": {
        "baseline-browser-mapping": "^2.9.17"
      }
    },
    "node_modules/baseline-browser-mapping": {
      "version": "2.9.17",
      "resolved": "https://registry.npmjs.org/baseline-browser-mapping/-/baseline-browser-mapping-2.9.17.tgz",
      "integrity": "sha512-agD0MgJFUP/4nvjqzIB29zRPUuCF7Ge6mEv9s8dHrtYD7QWXRcx75rOADE/d5ah1NI+0vkDl0yorDd5U852IQQ==",
      "dev": true,
      "license": "Apache-2.0",
      "bin": {
        "baseline-browser-mapping": "dist/cli.js"
      }
    }
  }
}
