# THIS IS AN AUTOGENERATED FILE. DO NOT EDIT THIS FILE DIRECTLY.
# yarn lockfile v1


"@esbuild/win32-x64@0.21.5":
  version "0.21.5"
  resolved "https://registry.npmjs.org/@esbuild/win32-x64/-/win32-x64-0.21.5.tgz"
  integrity sha512-tQd/1efJuzPC6rCFwEvLtci/xNFcTZknmXs98FYDfGE4wP9ClFV98nyKrzJKVPMhdDnjzLhdUyMX4PsQAPjwIw==

"@formatjs/ecma402-abstract@2.2.1":
  version "2.2.1"
  resolved "https://registry.npmjs.org/@formatjs/ecma402-abstract/-/ecma402-abstract-2.2.1.tgz"
  integrity sha512-O4ywpkdJybrjFc9zyL8qK5aklleIAi5O4nYhBVJaOFtCkNrnU+lKFeJOFC48zpsZQmR8Aok2V79hGpHnzbmFpg==
  dependencies:
    "@formatjs/fast-memoize" "2.2.2"
    "@formatjs/intl-localematcher" "0.5.6"
    tslib "2"

"@formatjs/fast-memoize@2.2.2":
  version "2.2.2"
  resolved "https://registry.npmjs.org/@formatjs/fast-memoize/-/fast-memoize-2.2.2.tgz"
  integrity sha512-mzxZcS0g1pOzwZTslJOBTmLzDXseMLLvnh25ymRilCm8QLMObsQ7x/rj9GNrH0iUhZMlFisVOD6J1n6WQqpKPQ==
  dependencies:
    tslib "2"

"@formatjs/icu-messageformat-parser@2.9.1":
  version "2.9.1"
  resolved "https://registry.npmjs.org/@formatjs/icu-messageformat-parser/-/icu-messageformat-parser-2.9.1.tgz"
  integrity sha512-7AYk4tjnLi5wBkxst2w7qFj38JLMJoqzj7BhdEl7oTlsWMlqwgx4p9oMmmvpXWTSDGNwOKBRc1SfwMh5MOHeNg==
  dependencies:
    "@formatjs/ecma402-abstract" "2.2.1"
    "@formatjs/icu-skeleton-parser" "1.8.5"
    tslib "2"

"@formatjs/icu-skeleton-parser@1.8.5":
  version "1.8.5"
  resolved "https://registry.npmjs.org/@formatjs/icu-skeleton-parser/-/icu-skeleton-parser-1.8.5.tgz"
  integrity sha512-zRZ/e3B5qY2+JCLs7puTzWS1Jb+t/K+8Jur/gEZpA2EjWeLDE17nsx8thyo9P48Mno7UmafnPupV2NCJXX17Dg==
  dependencies:
    "@formatjs/ecma402-abstract" "2.2.1"
    tslib "2"

"@formatjs/intl-displaynames@6.8.1":
  version "6.8.1"
  resolved "https://registry.npmjs.org/@formatjs/intl-displaynames/-/intl-displaynames-6.8.1.tgz"
  integrity sha512-nyWfJk4BZ1+GzLq9a40BgVPSRpBkRAVzrSpql+92i0i+lX11m9eS1trSRf/h3j/XcQ+h1h+ntA4Ra4jETK7nNg==
  dependencies:
    "@formatjs/ecma402-abstract" "2.2.1"
    "@formatjs/intl-localematcher" "0.5.6"
    tslib "2"

"@formatjs/intl-listformat@7.7.1":
  version "7.7.1"
  resolved "https://registry.npmjs.org/@formatjs/intl-listformat/-/intl-listformat-7.7.1.tgz"
  integrity sha512-bjBxWaUhYAbJFUlFSMWZGn3r2mglXwk+BLyGRu8dY8Q83ZPsqmmVQzjQKENHE3lV6eoQGHT2oZHxUaVndJlk6Q==
  dependencies:
    "@formatjs/ecma402-abstract" "2.2.1"
    "@formatjs/intl-localematcher" "0.5.6"
    tslib "2"

"@formatjs/intl-localematcher@0.5.6":
  version "0.5.6"
  resolved "https://registry.npmjs.org/@formatjs/intl-localematcher/-/intl-localematcher-0.5.6.tgz"
  integrity sha512-roz1+Ba5e23AHX6KUAWmLEyTRZegM5YDuxuvkHCyK3RJddf/UXB2f+s7pOMm9ktfPGla0g+mQXOn5vsuYirnaA==
  dependencies:
    tslib "2"

"@formatjs/intl@2.10.11":
  version "2.10.11"
  resolved "https://registry.npmjs.org/@formatjs/intl/-/intl-2.10.11.tgz"
  integrity sha512-FNLZjzE1QRlv1Wf0oinnM97AbvZU1zQnQMHI0Oza2F7PxzrPf6bYFRs0ugapq/O4FrvNwDt9F9nyRNwsMM118g==
  dependencies:
    "@formatjs/ecma402-abstract" "2.2.1"
    "@formatjs/fast-memoize" "2.2.2"
    "@formatjs/icu-messageformat-parser" "2.9.1"
    "@formatjs/intl-displaynames" "6.8.1"
    "@formatjs/intl-listformat" "7.7.1"
    intl-messageformat "10.7.3"
    tslib "2"

"@rollup/rollup-win32-x64-msvc@4.24.3":
  version "4.24.3"
  resolved "https://registry.npmjs.org/@rollup/rollup-win32-x64-msvc/-/rollup-win32-x64-msvc-4.24.3.tgz"
  integrity sha512-HGZgRFFYrMrP3TJlq58nR1xy8zHKId25vhmm5S9jETEfDf6xybPxsavFTJaufe2zgOGYJBskGlj49CwtEuFhWQ==

"@types/estree@1.0.6":
  version "1.0.6"
  resolved "https://registry.npmjs.org/@types/estree/-/estree-1.0.6.tgz"
  integrity sha512-AYnb1nQyY49te+VRAVgmzfcgjYS91mY5P0TKUDCLEM+gNnA+3T6rWITXRLYCpahpqSQbN5cE+gHpnPyXjHWxcw==

"@types/hoist-non-react-statics@3":
  version "3.3.5"
  resolved "https://registry.npmjs.org/@types/hoist-non-react-statics/-/hoist-non-react-statics-3.3.5.tgz"
  integrity sha512-SbcrWzkKBw2cdwRTwQAswfpB9g9LJWfjtUeW/jvNwbhC8cpmmNYVePa+ncbUe0rGTQ7G3Ff6mYUN2VMfLVr+Sg==
  dependencies:
    "@types/react" "*"
    hoist-non-react-statics "^3.3.0"

"@types/prop-types@*":
  version "15.7.13"
  resolved "https://registry.npmjs.org/@types/prop-types/-/prop-types-15.7.13.tgz"
  integrity sha512-hCZTSvwbzWGvhqxp/RqVqwU999pBf2vp7hzIjiYOsl8wqOmUxkQ6ddw1cV3l8811+kdUFus/q4d1Y3E3SyEifA==

"@types/react-intl@^3.0.0":
  version "3.0.0"
  resolved "https://registry.npmjs.org/@types/react-intl/-/react-intl-3.0.0.tgz"
  integrity sha512-k8F3d05XQGEqSWIfK97bBjZe4z9RruXU9Wa7OZ2iUC5pdeIpzuQDZe/9C2J3Xir5//ZtAkhcv08Wfx3n5TBTQg==
  dependencies:
    react-intl "*"

"@types/react@*", "@types/react@^18.3.11", "@types/react@^18.3.12":
  version "18.3.12"
  resolved "https://registry.npmjs.org/@types/react/-/react-18.3.12.tgz"
  integrity sha512-D2wOSq/d6Agt28q7rSI3jhU7G6aiuzljDGZ2hTZHIkrTLUI+AF3WMeKkEZ9nN2fkBAlcktT6vcZjDFiIhMYEQw==
  dependencies:
    "@types/prop-types" "*"
    csstype "^3.0.2"

csstype@^3.0.2:
  version "3.1.3"
  resolved "https://registry.npmjs.org/csstype/-/csstype-3.1.3.tgz"
  integrity sha512-M1uQkMl8rQK/szD0LNhtqxIPLpimGm8sOBwU7lLnCpSbTyY3yeU1Vc7l4KT5zT4s/yOxHH5O7tIuuLOCnLADRw==

esbuild@^0.21.3:
  version "0.21.5"
  resolved "https://registry.npmjs.org/esbuild/-/esbuild-0.21.5.tgz"
  integrity sha512-mg3OPMV4hXywwpoDxu3Qda5xCKQi+vCTZq8S9J/EpkhB2HzKXq4SNFZE3+NK93JYxc8VMSep+lOUSC/RVKaBqw==
  optionalDependencies:
    "@esbuild/aix-ppc64" "0.21.5"
    "@esbuild/android-arm" "0.21.5"
    "@esbuild/android-arm64" "0.21.5"
    "@esbuild/android-x64" "0.21.5"
    "@esbuild/darwin-arm64" "0.21.5"
    "@esbuild/darwin-x64" "0.21.5"
    "@esbuild/freebsd-arm64" "0.21.5"
    "@esbuild/freebsd-x64" "0.21.5"
    "@esbuild/linux-arm" "0.21.5"
    "@esbuild/linux-arm64" "0.21.5"
    "@esbuild/linux-ia32" "0.21.5"
    "@esbuild/linux-loong64" "0.21.5"
    "@esbuild/linux-mips64el" "0.21.5"
    "@esbuild/linux-ppc64" "0.21.5"
    "@esbuild/linux-riscv64" "0.21.5"
    "@esbuild/linux-s390x" "0.21.5"
    "@esbuild/linux-x64" "0.21.5"
    "@esbuild/netbsd-x64" "0.21.5"
    "@esbuild/openbsd-x64" "0.21.5"
    "@esbuild/sunos-x64" "0.21.5"
    "@esbuild/win32-arm64" "0.21.5"
    "@esbuild/win32-ia32" "0.21.5"
    "@esbuild/win32-x64" "0.21.5"

hoist-non-react-statics@^3.3.0, hoist-non-react-statics@3:
  version "3.3.2"
  resolved "https://registry.npmjs.org/hoist-non-react-statics/-/hoist-non-react-statics-3.3.2.tgz"
  integrity sha512-/gGivxi8JPKWNm/W0jSmzcMPpfpPLc3dY/6GxhX2hQ9iGj3aDfklV4ET7NjKpSinLpJ5vafa9iiGIEZg10SfBw==
  dependencies:
    react-is "^16.7.0"

intl-messageformat@10.7.3:
  version "10.7.3"
  resolved "https://registry.npmjs.org/intl-messageformat/-/intl-messageformat-10.7.3.tgz"
  integrity sha512-AAo/3oyh7ROfPhDuh7DxTTydh97OC+lv7h1Eq5LuHWuLsUMKOhtzTYuyXlUReuwZ9vANDHo4CS1bGRrn7TZRtg==
  dependencies:
    "@formatjs/ecma402-abstract" "2.2.1"
    "@formatjs/fast-memoize" "2.2.2"
    "@formatjs/icu-messageformat-parser" "2.9.1"
    tslib "2"

"js-tokens@^3.0.0 || ^4.0.0":
  version "4.0.0"
  resolved "https://registry.npmjs.org/js-tokens/-/js-tokens-4.0.0.tgz"
  integrity sha512-RdJUflcE3cUzKiMqQgsCu06FPu9UdIJO0beYbPhHN4k6apgJtifcoCtT9bcxOpYBtpD2kCM6Sbzg4CausW/PKQ==

loose-envify@^1.1.0:
  version "1.4.0"
  resolved "https://registry.npmjs.org/loose-envify/-/loose-envify-1.4.0.tgz"
  integrity sha512-lyuxPGr/Wfhrlem2CL/UcnUc1zcqKAImBDzukY7Y5F/yQiNdko6+fRLevlw1HgMySw7f611UIY408EtxRSoK3Q==
  dependencies:
    js-tokens "^3.0.0 || ^4.0.0"

nanoid@^3.3.7:
  version "3.3.7"
  resolved "https://registry.npmjs.org/nanoid/-/nanoid-3.3.7.tgz"
  integrity sha512-eSRppjcPIatRIMC1U6UngP8XFcz8MQWGQdt1MTBQ7NaAmvXDfvNxbvWV3x2y6CdEUciCSsDHDQZbhYaB8QEo2g==

picocolors@^1.1.0:
  version "1.1.1"
  resolved "https://registry.npmjs.org/picocolors/-/picocolors-1.1.1.tgz"
  integrity sha512-xceH2snhtb5M9liqDsmEw56le376mTZkEX/jEb/RxNFyegNul7eNslCXP9FDj/Lcu0X8KEyMceP2ntpaHrDEVA==

postcss@^8.4.43:
  version "8.4.47"
  resolved "https://registry.npmjs.org/postcss/-/postcss-8.4.47.tgz"
  integrity sha512-56rxCq7G/XfB4EkXq9Egn5GCqugWvDFjafDOThIdMBsI15iqPqR5r15TfSr1YPYeEI19YeaXMCbY6u88Y76GLQ==
  dependencies:
    nanoid "^3.3.7"
    picocolors "^1.1.0"
    source-map-js "^1.2.1"

react-intl@*, react-intl@^6.8.4:
  version "6.8.4"
  resolved "https://registry.npmjs.org/react-intl/-/react-intl-6.8.4.tgz"
  integrity sha512-UKYrCIztyvSiZCpvHjDwAHlXT735fDioABVP+uhRAOhDSBS9NQ2vVbxiUikvVEBdr2b0cTe1tUfOfvhbmSPi/A==
  dependencies:
    "@formatjs/ecma402-abstract" "2.2.1"
    "@formatjs/icu-messageformat-parser" "2.9.1"
    "@formatjs/intl" "2.10.11"
    "@formatjs/intl-displaynames" "6.8.1"
    "@formatjs/intl-listformat" "7.7.1"
    "@types/hoist-non-react-statics" "3"
    "@types/react" "^18.3.11"
    hoist-non-react-statics "3"
    intl-messageformat "10.7.3"
    tslib "2"

react-is@^16.7.0:
  version "16.13.1"
  resolved "https://registry.npmjs.org/react-is/-/react-is-16.13.1.tgz"
  integrity sha512-24e6ynE2H+OKt4kqsOvNd8kBpV65zoxbA4BVsEOB3ARVWQki/DHzaUoC5KuON/BiccDaCCTZBuOcfZs70kR8bQ==

"react@^16.6.0 || 17 || 18", react@^18.3.1:
  version "18.3.1"
  resolved "https://registry.npmjs.org/react/-/react-18.3.1.tgz"
  integrity sha512-wS+hAgJShR0KhEvPJArfuPVN1+Hz1t0Y6n5jLrGQbkb4urgPE/0Rve+1kMB1v/oWgHgm4WIcV+i7F2pTVj+2iQ==
  dependencies:
    loose-envify "^1.1.0"

rollup@^4.20.0:
  version "4.24.3"
  resolved "https://registry.npmjs.org/rollup/-/rollup-4.24.3.tgz"
  integrity sha512-HBW896xR5HGmoksbi3JBDtmVzWiPAYqp7wip50hjQ67JbDz61nyoMPdqu1DvVW9asYb2M65Z20ZHsyJCMqMyDg==
  dependencies:
    "@types/estree" "1.0.6"
  optionalDependencies:
    "@rollup/rollup-android-arm-eabi" "4.24.3"
    "@rollup/rollup-android-arm64" "4.24.3"
    "@rollup/rollup-darwin-arm64" "4.24.3"
    "@rollup/rollup-darwin-x64" "4.24.3"
    "@rollup/rollup-freebsd-arm64" "4.24.3"
    "@rollup/rollup-freebsd-x64" "4.24.3"
    "@rollup/rollup-linux-arm-gnueabihf" "4.24.3"
    "@rollup/rollup-linux-arm-musleabihf" "4.24.3"
    "@rollup/rollup-linux-arm64-gnu" "4.24.3"
    "@rollup/rollup-linux-arm64-musl" "4.24.3"
    "@rollup/rollup-linux-powerpc64le-gnu" "4.24.3"
    "@rollup/rollup-linux-riscv64-gnu" "4.24.3"
    "@rollup/rollup-linux-s390x-gnu" "4.24.3"
    "@rollup/rollup-linux-x64-gnu" "4.24.3"
    "@rollup/rollup-linux-x64-musl" "4.24.3"
    "@rollup/rollup-win32-arm64-msvc" "4.24.3"
    "@rollup/rollup-win32-ia32-msvc" "4.24.3"
    "@rollup/rollup-win32-x64-msvc" "4.24.3"
    fsevents "~2.3.2"

source-map-js@^1.2.1:
  version "1.2.1"
  resolved "https://registry.npmjs.org/source-map-js/-/source-map-js-1.2.1.tgz"
  integrity sha512-UXWMKhLOwVKb728IUtQPXxfYU+usdybtUrK/8uGE8CQMvrhOpwvzDBwj0QhSL7MQc7vIsISBG8VQ8+IDQxpfQA==

tslib@2:
  version "2.8.1"
  resolved "https://registry.npmjs.org/tslib/-/tslib-2.8.1.tgz"
  integrity sha512-oJFu94HQb+KVduSUQL7wnpmqnfmLsOA/nAh6b6EH0wCEoK0/mPeXU6c3wKDV83MkOuHPRHtSXKKU99IBazS/2w==

vite@^5.4.10:
  version "5.4.10"
  resolved "https://registry.npmjs.org/vite/-/vite-5.4.10.tgz"
  integrity sha512-1hvaPshuPUtxeQ0hsVH3Mud0ZanOLwVTneA1EgbAM5LhaZEqyPWGRQ7BtaMvUrTDeEaC8pxtj6a6jku3x4z6SQ==
  dependencies:
    esbuild "^0.21.3"
    postcss "^8.4.43"
    rollup "^4.20.0"
  optionalDependencies:
    fsevents "~2.3.3"
