# THIS IS AN AUTOGENERATED FILE. DO NOT EDIT THIS FILE DIRECTLY.
# yarn lockfile v1


"@babel/runtime@^7.7.2":
  version "7.15.4"
  resolved "https://registry.yarnpkg.com/@babel/runtime/-/runtime-7.15.4.tgz#fd17d16bfdf878e6dd02d19753a39fa8a8d9c84a"
  integrity sha512-99catp6bHCaxr4sJ/DbTGgHS4+Rs2RVd2g7iOap6SLGPDknRK9ztKNsE/Fg6QhSeh1FGE5f6gHGQmvvn3I3xhw==
  dependencies:
    regenerator-runtime "^0.13.4"

"@jimp/bmp@^0.16.1":
  version "0.16.1"
  resolved "https://registry.yarnpkg.com/@jimp/bmp/-/bmp-0.16.1.tgz#6e2da655b2ba22e721df0795423f34e92ef13768"
  integrity sha512-iwyNYQeBawrdg/f24x3pQ5rEx+/GwjZcCXd3Kgc+ZUd+Ivia7sIqBsOnDaMZdKCBPlfW364ekexnlOqyVa0NWg==
  dependencies:
    "@babel/runtime" "^7.7.2"
    "@jimp/utils" "^0.16.1"
    bmp-js "^0.1.0"

"@jimp/core@^0.16.1":
  version "0.16.1"
  resolved "https://registry.yarnpkg.com/@jimp/core/-/core-0.16.1.tgz#68c4288f6ef7f31a0f6b859ba3fb28dae930d39d"
  integrity sha512-la7kQia31V6kQ4q1kI/uLimu8FXx7imWVajDGtwUG8fzePLWDFJyZl0fdIXVCL1JW2nBcRHidUot6jvlRDi2+g==
  dependencies:
    "@babel/runtime" "^7.7.2"
    "@jimp/utils" "^0.16.1"
    any-base "^1.1.0"
    buffer "^5.2.0"
    exif-parser "^0.1.12"
    file-type "^9.0.0"
    load-bmfont "^1.3.1"
    mkdirp "^0.5.1"
    phin "^2.9.1"
    pixelmatch "^4.0.2"
    tinycolor2 "^1.4.1"

"@jimp/custom@^0.16.1":
  version "0.16.1"
  resolved "https://registry.yarnpkg.com/@jimp/custom/-/custom-0.16.1.tgz#28b659c59e20a1d75a0c46067bd3f4bd302cf9c5"
  integrity sha512-DNUAHNSiUI/j9hmbatD6WN/EBIyeq4AO0frl5ETtt51VN1SvE4t4v83ZA/V6ikxEf3hxLju4tQ5Pc3zmZkN/3A==
  dependencies:
    "@babel/runtime" "^7.7.2"
    "@jimp/core" "^0.16.1"

"@jimp/gif@^0.16.1":
  version "0.16.1"
  resolved "https://registry.yarnpkg.com/@jimp/gif/-/gif-0.16.1.tgz#d1f7c3a58f4666482750933af8b8f4666414f3ca"
  integrity sha512-r/1+GzIW1D5zrP4tNrfW+3y4vqD935WBXSc8X/wm23QTY9aJO9Lw6PEdzpYCEY+SOklIFKaJYUAq/Nvgm/9ryw==
  dependencies:
    "@babel/runtime" "^7.7.2"
    "@jimp/utils" "^0.16.1"
    gifwrap "^0.9.2"
    omggif "^1.0.9"

"@jimp/jpeg@^0.16.1":
  version "0.16.1"
  resolved "https://registry.yarnpkg.com/@jimp/jpeg/-/jpeg-0.16.1.tgz#3b7bb08a4173f2f6d81f3049b251df3ee2ac8175"
  integrity sha512-8352zrdlCCLFdZ/J+JjBslDvml+fS3Z8gttdml0We759PnnZGqrnPRhkOEOJbNUlE+dD4ckLeIe6NPxlS/7U+w==
  dependencies:
    "@babel/runtime" "^7.7.2"
    "@jimp/utils" "^0.16.1"
    jpeg-js "0.4.2"

"@jimp/plugin-blit@^0.16.1":
  version "0.16.1"
  resolved "https://registry.yarnpkg.com/@jimp/plugin-blit/-/plugin-blit-0.16.1.tgz#09ea919f9d326de3b9c2826fe4155da37dde8edb"
  integrity sha512-fKFNARm32RoLSokJ8WZXHHH2CGzz6ire2n1Jh6u+XQLhk9TweT1DcLHIXwQMh8oR12KgjbgsMGvrMVlVknmOAg==
  dependencies:
    "@babel/runtime" "^7.7.2"
    "@jimp/utils" "^0.16.1"

"@jimp/plugin-blur@^0.16.1":
  version "0.16.1"
  resolved "https://registry.yarnpkg.com/@jimp/plugin-blur/-/plugin-blur-0.16.1.tgz#e614fa002797dcd662e705d4cea376e7db968bf5"
  integrity sha512-1WhuLGGj9MypFKRcPvmW45ht7nXkOKu+lg3n2VBzIB7r4kKNVchuI59bXaCYQumOLEqVK7JdB4glaDAbCQCLyw==
  dependencies:
    "@babel/runtime" "^7.7.2"
    "@jimp/utils" "^0.16.1"

"@jimp/plugin-circle@^0.16.1":
  version "0.16.1"
  resolved "https://registry.yarnpkg.com/@jimp/plugin-circle/-/plugin-circle-0.16.1.tgz#20e3194a67ca29740aba2630fd4d0a89afa27491"
  integrity sha512-JK7yi1CIU7/XL8hdahjcbGA3V7c+F+Iw+mhMQhLEi7Q0tCnZ69YJBTamMiNg3fWPVfMuvWJJKOBRVpwNTuaZRg==
  dependencies:
    "@babel/runtime" "^7.7.2"
    "@jimp/utils" "^0.16.1"

"@jimp/plugin-color@^0.16.1":
  version "0.16.1"
  resolved "https://registry.yarnpkg.com/@jimp/plugin-color/-/plugin-color-0.16.1.tgz#0f298ba74dee818b663834cd80d53e56f3755233"
  integrity sha512-9yQttBAO5SEFj7S6nJK54f+1BnuBG4c28q+iyzm1JjtnehjqMg6Ljw4gCSDCvoCQ3jBSYHN66pmwTV74SU1B7A==
  dependencies:
    "@babel/runtime" "^7.7.2"
    "@jimp/utils" "^0.16.1"
    tinycolor2 "^1.4.1"

"@jimp/plugin-contain@^0.16.1":
  version "0.16.1"
  resolved "https://registry.yarnpkg.com/@jimp/plugin-contain/-/plugin-contain-0.16.1.tgz#3c5f5c495fd9bb08a970739d83694934f58123f2"
  integrity sha512-44F3dUIjBDHN+Ym/vEfg+jtjMjAqd2uw9nssN67/n4FdpuZUVs7E7wadKY1RRNuJO+WgcD5aDQcsvurXMETQTg==
  dependencies:
    "@babel/runtime" "^7.7.2"
    "@jimp/utils" "^0.16.1"

"@jimp/plugin-cover@^0.16.1":
  version "0.16.1"
  resolved "https://registry.yarnpkg.com/@jimp/plugin-cover/-/plugin-cover-0.16.1.tgz#0e8caec16a40abe15b1b32e5383a603a3306dc41"
  integrity sha512-YztWCIldBAVo0zxcQXR+a/uk3/TtYnpKU2CanOPJ7baIuDlWPsG+YE4xTsswZZc12H9Kl7CiziEbDtvF9kwA/Q==
  dependencies:
    "@babel/runtime" "^7.7.2"
    "@jimp/utils" "^0.16.1"

"@jimp/plugin-crop@^0.16.1":
  version "0.16.1"
  resolved "https://registry.yarnpkg.com/@jimp/plugin-crop/-/plugin-crop-0.16.1.tgz#b362497c873043fe47ba881ab08604bf7226f50f"
  integrity sha512-UQdva9oQzCVadkyo3T5Tv2CUZbf0klm2cD4cWMlASuTOYgaGaFHhT9st+kmfvXjKL8q3STkBu/zUPV6PbuV3ew==
  dependencies:
    "@babel/runtime" "^7.7.2"
    "@jimp/utils" "^0.16.1"

"@jimp/plugin-displace@^0.16.1":
  version "0.16.1"
  resolved "https://registry.yarnpkg.com/@jimp/plugin-displace/-/plugin-displace-0.16.1.tgz#4dd9db518c3e78de9d723f86a234bf98922afe8d"
  integrity sha512-iVAWuz2+G6Heu8gVZksUz+4hQYpR4R0R/RtBzpWEl8ItBe7O6QjORAkhxzg+WdYLL2A/Yd4ekTpvK0/qW8hTVw==
  dependencies:
    "@babel/runtime" "^7.7.2"
    "@jimp/utils" "^0.16.1"

"@jimp/plugin-dither@^0.16.1":
  version "0.16.1"
  resolved "https://registry.yarnpkg.com/@jimp/plugin-dither/-/plugin-dither-0.16.1.tgz#b47de2c0bb09608bed228b41c3cd01a85ec2d45b"
  integrity sha512-tADKVd+HDC9EhJRUDwMvzBXPz4GLoU6s5P7xkVq46tskExYSptgj5713J5Thj3NMgH9Rsqu22jNg1H/7tr3V9Q==
  dependencies:
    "@babel/runtime" "^7.7.2"
    "@jimp/utils" "^0.16.1"

"@jimp/plugin-fisheye@^0.16.1":
  version "0.16.1"
  resolved "https://registry.yarnpkg.com/@jimp/plugin-fisheye/-/plugin-fisheye-0.16.1.tgz#f625047b6cdbe1b83b89e9030fd025ab19cdb1a4"
  integrity sha512-BWHnc5hVobviTyIRHhIy9VxI1ACf4CeSuCfURB6JZm87YuyvgQh5aX5UDKtOz/3haMHXBLP61ZBxlNpMD8CG4A==
  dependencies:
    "@babel/runtime" "^7.7.2"
    "@jimp/utils" "^0.16.1"

"@jimp/plugin-flip@^0.16.1":
  version "0.16.1"
  resolved "https://registry.yarnpkg.com/@jimp/plugin-flip/-/plugin-flip-0.16.1.tgz#7a99ea22bde802641017ed0f2615870c144329bb"
  integrity sha512-KdxTf0zErfZ8DyHkImDTnQBuHby+a5YFdoKI/G3GpBl3qxLBvC+PWkS2F/iN3H7wszP7/TKxTEvWL927pypT0w==
  dependencies:
    "@babel/runtime" "^7.7.2"
    "@jimp/utils" "^0.16.1"

"@jimp/plugin-gaussian@^0.16.1":
  version "0.16.1"
  resolved "https://registry.yarnpkg.com/@jimp/plugin-gaussian/-/plugin-gaussian-0.16.1.tgz#0845e314085ccd52e34fad9a83949bc0d81a68e8"
  integrity sha512-u9n4wjskh3N1mSqketbL6tVcLU2S5TEaFPR40K6TDv4phPLZALi1Of7reUmYpVm8mBDHt1I6kGhuCJiWvzfGyg==
  dependencies:
    "@babel/runtime" "^7.7.2"
    "@jimp/utils" "^0.16.1"

"@jimp/plugin-invert@^0.16.1":
  version "0.16.1"
  resolved "https://registry.yarnpkg.com/@jimp/plugin-invert/-/plugin-invert-0.16.1.tgz#7e6f5a15707256f3778d06921675bbcf18545c97"
  integrity sha512-2DKuyVXANH8WDpW9NG+PYFbehzJfweZszFYyxcaewaPLN0GxvxVLOGOPP1NuUTcHkOdMFbE0nHDuB7f+sYF/2w==
  dependencies:
    "@babel/runtime" "^7.7.2"
    "@jimp/utils" "^0.16.1"

"@jimp/plugin-mask@^0.16.1":
  version "0.16.1"
  resolved "https://registry.yarnpkg.com/@jimp/plugin-mask/-/plugin-mask-0.16.1.tgz#e7f2460e05c3cda7af5e76f33ccb0579f66f90df"
  integrity sha512-snfiqHlVuj4bSFS0v96vo2PpqCDMe4JB+O++sMo5jF5mvGcGL6AIeLo8cYqPNpdO6BZpBJ8MY5El0Veckhr39Q==
  dependencies:
    "@babel/runtime" "^7.7.2"
    "@jimp/utils" "^0.16.1"

"@jimp/plugin-normalize@^0.16.1":
  version "0.16.1"
  resolved "https://registry.yarnpkg.com/@jimp/plugin-normalize/-/plugin-normalize-0.16.1.tgz#032dfd88eefbc4dedc8b1b2d243832e4f3af30c8"
  integrity sha512-dOQfIOvGLKDKXPU8xXWzaUeB0nvkosHw6Xg1WhS1Z5Q0PazByhaxOQkSKgUryNN/H+X7UdbDvlyh/yHf3ITRaw==
  dependencies:
    "@babel/runtime" "^7.7.2"
    "@jimp/utils" "^0.16.1"

"@jimp/plugin-print@^0.16.1":
  version "0.16.1"
  resolved "https://registry.yarnpkg.com/@jimp/plugin-print/-/plugin-print-0.16.1.tgz#66b803563f9d109825970714466e6ab9ae639ff6"
  integrity sha512-ceWgYN40jbN4cWRxixym+csyVymvrryuKBQ+zoIvN5iE6OyS+2d7Mn4zlNgumSczb9GGyZZESIgVcBDA1ezq0Q==
  dependencies:
    "@babel/runtime" "^7.7.2"
    "@jimp/utils" "^0.16.1"
    load-bmfont "^1.4.0"

"@jimp/plugin-resize@^0.16.1":
  version "0.16.1"
  resolved "https://registry.yarnpkg.com/@jimp/plugin-resize/-/plugin-resize-0.16.1.tgz#65e39d848ed13ba2d6c6faf81d5d590396571d10"
  integrity sha512-u4JBLdRI7dargC04p2Ha24kofQBk3vhaf0q8FwSYgnCRwxfvh2RxvhJZk9H7Q91JZp6wgjz/SjvEAYjGCEgAwQ==
  dependencies:
    "@babel/runtime" "^7.7.2"
    "@jimp/utils" "^0.16.1"

"@jimp/plugin-rotate@^0.16.1":
  version "0.16.1"
  resolved "https://registry.yarnpkg.com/@jimp/plugin-rotate/-/plugin-rotate-0.16.1.tgz#53fb5d51a4b3d05af9c91c2a8fffe5d7a1a47c8c"
  integrity sha512-ZUU415gDQ0VjYutmVgAYYxC9Og9ixu2jAGMCU54mSMfuIlmohYfwARQmI7h4QB84M76c9hVLdONWjuo+rip/zg==
  dependencies:
    "@babel/runtime" "^7.7.2"
    "@jimp/utils" "^0.16.1"

"@jimp/plugin-scale@^0.16.1":
  version "0.16.1"
  resolved "https://registry.yarnpkg.com/@jimp/plugin-scale/-/plugin-scale-0.16.1.tgz#89f6ba59feed3429847ed226aebda33a240cc647"
  integrity sha512-jM2QlgThIDIc4rcyughD5O7sOYezxdafg/2Xtd1csfK3z6fba3asxDwthqPZAgitrLgiKBDp6XfzC07Y/CefUw==
  dependencies:
    "@babel/runtime" "^7.7.2"
    "@jimp/utils" "^0.16.1"

"@jimp/plugin-shadow@^0.16.1":
  version "0.16.1"
  resolved "https://registry.yarnpkg.com/@jimp/plugin-shadow/-/plugin-shadow-0.16.1.tgz#a7af892a740febf41211e10a5467c3c5c521a04c"
  integrity sha512-MeD2Is17oKzXLnsphAa1sDstTu6nxscugxAEk3ji0GV1FohCvpHBcec0nAq6/czg4WzqfDts+fcPfC79qWmqrA==
  dependencies:
    "@babel/runtime" "^7.7.2"
    "@jimp/utils" "^0.16.1"

"@jimp/plugin-threshold@^0.16.1":
  version "0.16.1"
  resolved "https://registry.yarnpkg.com/@jimp/plugin-threshold/-/plugin-threshold-0.16.1.tgz#34f3078f9965145b7ae26c53a32ad74b1195bbf5"
  integrity sha512-iGW8U/wiCSR0+6syrPioVGoSzQFt4Z91SsCRbgNKTAk7D+XQv6OI78jvvYg4o0c2FOlwGhqz147HZV5utoSLxA==
  dependencies:
    "@babel/runtime" "^7.7.2"
    "@jimp/utils" "^0.16.1"

"@jimp/plugins@^0.16.1":
  version "0.16.1"
  resolved "https://registry.yarnpkg.com/@jimp/plugins/-/plugins-0.16.1.tgz#9f08544c97226d6460a16ced79f57e85bec3257b"
  integrity sha512-c+lCqa25b+4q6mJZSetlxhMoYuiltyS+ValLzdwK/47+aYsq+kcJNl+TuxIEKf59yr9+5rkbpsPkZHLF/V7FFA==
  dependencies:
    "@babel/runtime" "^7.7.2"
    "@jimp/plugin-blit" "^0.16.1"
    "@jimp/plugin-blur" "^0.16.1"
    "@jimp/plugin-circle" "^0.16.1"
    "@jimp/plugin-color" "^0.16.1"
    "@jimp/plugin-contain" "^0.16.1"
    "@jimp/plugin-cover" "^0.16.1"
    "@jimp/plugin-crop" "^0.16.1"
    "@jimp/plugin-displace" "^0.16.1"
    "@jimp/plugin-dither" "^0.16.1"
    "@jimp/plugin-fisheye" "^0.16.1"
    "@jimp/plugin-flip" "^0.16.1"
    "@jimp/plugin-gaussian" "^0.16.1"
    "@jimp/plugin-invert" "^0.16.1"
    "@jimp/plugin-mask" "^0.16.1"
    "@jimp/plugin-normalize" "^0.16.1"
    "@jimp/plugin-print" "^0.16.1"
    "@jimp/plugin-resize" "^0.16.1"
    "@jimp/plugin-rotate" "^0.16.1"
    "@jimp/plugin-scale" "^0.16.1"
    "@jimp/plugin-shadow" "^0.16.1"
    "@jimp/plugin-threshold" "^0.16.1"
    timm "^1.6.1"

"@jimp/png@^0.16.1":
  version "0.16.1"
  resolved "https://registry.yarnpkg.com/@jimp/png/-/png-0.16.1.tgz#f24cfc31529900b13a2dd9d4fdb4460c1e4d814e"
  integrity sha512-iyWoCxEBTW0OUWWn6SveD4LePW89kO7ZOy5sCfYeDM/oTPLpR8iMIGvZpZUz1b8kvzFr27vPst4E5rJhGjwsdw==
  dependencies:
    "@babel/runtime" "^7.7.2"
    "@jimp/utils" "^0.16.1"
    pngjs "^3.3.3"

"@jimp/tiff@^0.16.1":
  version "0.16.1"
  resolved "https://registry.yarnpkg.com/@jimp/tiff/-/tiff-0.16.1.tgz#0e8756695687d7574b6bc73efab0acd4260b7a12"
  integrity sha512-3K3+xpJS79RmSkAvFMgqY5dhSB+/sxhwTFA9f4AVHUK0oKW+u6r52Z1L0tMXHnpbAdR9EJ+xaAl2D4x19XShkQ==
  dependencies:
    "@babel/runtime" "^7.7.2"
    utif "^2.0.1"

"@jimp/types@^0.16.1":
  version "0.16.1"
  resolved "https://registry.yarnpkg.com/@jimp/types/-/types-0.16.1.tgz#0dbab37b3202315c91010f16c31766d35a2322cc"
  integrity sha512-g1w/+NfWqiVW4CaXSJyD28JQqZtm2eyKMWPhBBDCJN9nLCN12/Az0WFF3JUAktzdsEC2KRN2AqB1a2oMZBNgSQ==
  dependencies:
    "@babel/runtime" "^7.7.2"
    "@jimp/bmp" "^0.16.1"
    "@jimp/gif" "^0.16.1"
    "@jimp/jpeg" "^0.16.1"
    "@jimp/png" "^0.16.1"
    "@jimp/tiff" "^0.16.1"
    timm "^1.6.1"

"@jimp/utils@^0.16.1":
  version "0.16.1"
  resolved "https://registry.yarnpkg.com/@jimp/utils/-/utils-0.16.1.tgz#2f51e6f14ff8307c4aa83d5e1a277da14a9fe3f7"
  integrity sha512-8fULQjB0x4LzUSiSYG6ZtQl355sZjxbv8r9PPAuYHzS9sGiSHJQavNqK/nKnpDsVkU88/vRGcE7t3nMU0dEnVw==
  dependencies:
    "@babel/runtime" "^7.7.2"
    regenerator-runtime "^0.13.3"

any-base@^1.1.0:
  version "1.1.0"
  resolved "https://registry.yarnpkg.com/any-base/-/any-base-1.1.0.tgz#ae101a62bc08a597b4c9ab5b7089d456630549fe"
  integrity sha512-uMgjozySS8adZZYePpaWs8cxB9/kdzmpX6SgJZ+wbz1K5eYk5QMYDVJaZKhxyIHUdnnJkfR7SVgStgH7LkGUyg==

base64-js@^1.3.1:
  version "1.5.1"
  resolved "https://registry.yarnpkg.com/base64-js/-/base64-js-1.5.1.tgz#1b1b440160a5bf7ad40b650f095963481903930a"
  integrity sha512-AKpaYlHn8t4SVbOHCy+b5+KKgvR4vrsD8vbvrbiQJps7fKDTkjkDry6ji0rUJjC0kzbNePLwzxq8iypo41qeWA==

bmp-js@^0.1.0:
  version "0.1.0"
  resolved "https://registry.yarnpkg.com/bmp-js/-/bmp-js-0.1.0.tgz#e05a63f796a6c1ff25f4771ec7adadc148c07233"
  integrity sha1-4Fpj95amwf8l9Hcex62twUjAcjM=

buffer-equal@0.0.1:
  version "0.0.1"
  resolved "https://registry.yarnpkg.com/buffer-equal/-/buffer-equal-0.0.1.tgz#91bc74b11ea405bc916bc6aa908faafa5b4aac4b"
  integrity sha1-kbx0sR6kBbyRa8aqkI+q+ltKrEs=

buffer@^5.2.0:
  version "5.7.1"
  resolved "https://registry.yarnpkg.com/buffer/-/buffer-5.7.1.tgz#ba62e7c13133053582197160851a8f648e99eed0"
  integrity sha512-EHcyIPBQ4BSGlvjB16k5KgAJ27CIsHY/2JBmCRReo48y9rQ3MaUzWX3KVlBa4U7MyX02HdVj0K7C3WaB3ju7FQ==
  dependencies:
    base64-js "^1.3.1"
    ieee754 "^1.1.13"

dom-walk@^0.1.0:
  version "0.1.2"
  resolved "https://registry.yarnpkg.com/dom-walk/-/dom-walk-0.1.2.tgz#0c548bef048f4d1f2a97249002236060daa3fd84"
  integrity sha512-6QvTW9mrGeIegrFXdtQi9pk7O/nSK6lSdXW2eqUspN5LWD7UTji2Fqw5V2YLjBpHEoU9Xl/eUWNpDeZvoyOv2w==

exif-parser@^0.1.12:
  version "0.1.12"
  resolved "https://registry.yarnpkg.com/exif-parser/-/exif-parser-0.1.12.tgz#58a9d2d72c02c1f6f02a0ef4a9166272b7760922"
  integrity sha1-WKnS1ywCwfbwKg70qRZicrd2CSI=

file-type@^9.0.0:
  version "9.0.0"
  resolved "https://registry.yarnpkg.com/file-type/-/file-type-9.0.0.tgz#a68d5ad07f486414dfb2c8866f73161946714a18"
  integrity sha512-Qe/5NJrgIOlwijpq3B7BEpzPFcgzggOTagZmkXQY4LA6bsXKTUstK7Wp12lEJ/mLKTpvIZxmIuRcLYWT6ov9lw==

gifwrap@^0.9.2:
  version "0.9.2"
  resolved "https://registry.yarnpkg.com/gifwrap/-/gifwrap-0.9.2.tgz#348e286e67d7cf57942172e1e6f05a71cee78489"
  integrity sha512-fcIswrPaiCDAyO8xnWvHSZdWChjKXUanKKpAiWWJ/UTkEi/aYKn5+90e7DE820zbEaVR9CE2y4z9bzhQijZ0BA==
  dependencies:
    image-q "^1.1.1"
    omggif "^1.0.10"

global@~4.4.0:
  version "4.4.0"
  resolved "https://registry.yarnpkg.com/global/-/global-4.4.0.tgz#3e7b105179006a323ed71aafca3e9c57a5cc6406"
  integrity sha512-wv/LAoHdRE3BeTGz53FAamhGlPLhlssK45usmGFThIi4XqnBmjKQ16u+RNbP7WvigRZDxUsM0J3gcQ5yicaL0w==
  dependencies:
    min-document "^2.19.0"
    process "^0.11.10"

ieee754@^1.1.13:
  version "1.2.1"
  resolved "https://registry.yarnpkg.com/ieee754/-/ieee754-1.2.1.tgz#8eb7a10a63fff25d15a57b001586d177d1b0d352"
  integrity sha512-dcyqhDvX1C46lXZcVqCpK+FtMRQVdIMN6/Df5js2zouUsqG7I6sFxitIC+7KYK29KdXOLHdu9zL4sFnoVQnqaA==

image-q@^1.1.1:
  version "1.1.1"
  resolved "https://registry.yarnpkg.com/image-q/-/image-q-1.1.1.tgz#fc84099664460b90ca862d9300b6bfbbbfbf8056"
  integrity sha1-/IQJlmRGC5DKhi2TALa/u7+/gFY=

is-function@^1.0.1:
  version "1.0.2"
  resolved "https://registry.yarnpkg.com/is-function/-/is-function-1.0.2.tgz#4f097f30abf6efadac9833b17ca5dc03f8144e08"
  integrity sha512-lw7DUp0aWXYg+CBCN+JKkcE0Q2RayZnSvnZBlwgxHBQhqt5pZNVy4Ri7H9GmmXkdu7LUthszM+Tor1u/2iBcpQ==

jimp@^0.16.1:
  version "0.16.1"
  resolved "https://registry.yarnpkg.com/jimp/-/jimp-0.16.1.tgz#192f851a30e5ca11112a3d0aa53137659a78ca7a"
  integrity sha512-+EKVxbR36Td7Hfd23wKGIeEyHbxShZDX6L8uJkgVW3ESA9GiTEPK08tG1XI2r/0w5Ch0HyJF5kPqF9K7EmGjaw==
  dependencies:
    "@babel/runtime" "^7.7.2"
    "@jimp/custom" "^0.16.1"
    "@jimp/plugins" "^0.16.1"
    "@jimp/types" "^0.16.1"
    regenerator-runtime "^0.13.3"

jpeg-js@0.4.2:
  version "0.4.2"
  resolved "https://registry.yarnpkg.com/jpeg-js/-/jpeg-js-0.4.2.tgz#8b345b1ae4abde64c2da2fe67ea216a114ac279d"
  integrity sha512-+az2gi/hvex7eLTMTlbRLOhH6P6WFdk2ITI8HJsaH2VqYO0I594zXSYEP+tf4FW+8Cy68ScDXoAsQdyQanv3sw==

load-bmfont@^1.3.1, load-bmfont@^1.4.0:
  version "1.4.1"
  resolved "https://registry.yarnpkg.com/load-bmfont/-/load-bmfont-1.4.1.tgz#c0f5f4711a1e2ccff725a7b6078087ccfcddd3e9"
  integrity sha512-8UyQoYmdRDy81Brz6aLAUhfZLwr5zV0L3taTQ4hju7m6biuwiWiJXjPhBJxbUQJA8PrkvJ/7Enqmwk2sM14soA==
  dependencies:
    buffer-equal "0.0.1"
    mime "^1.3.4"
    parse-bmfont-ascii "^1.0.3"
    parse-bmfont-binary "^1.0.5"
    parse-bmfont-xml "^1.1.4"
    phin "^2.9.1"
    xhr "^2.0.1"
    xtend "^4.0.0"

mime@^1.3.4:
  version "1.6.0"
  resolved "https://registry.yarnpkg.com/mime/-/mime-1.6.0.tgz#32cd9e5c64553bd58d19a568af452acff04981b1"
  integrity sha512-x0Vn8spI+wuJ1O6S7gnbaQg8Pxh4NNHb7KSINmEWKiPE4RKOplvijn+NkmYmmRgP68mc70j2EbeTFRsrswaQeg==

min-document@^2.19.0:
  version "2.19.0"
  resolved "https://registry.yarnpkg.com/min-document/-/min-document-2.19.0.tgz#7bd282e3f5842ed295bb748cdd9f1ffa2c824685"
  integrity sha1-e9KC4/WELtKVu3SM3Z8f+iyCRoU=
  dependencies:
    dom-walk "^0.1.0"

minimist@^1.2.5:
  version "1.2.5"
  resolved "https://registry.yarnpkg.com/minimist/-/minimist-1.2.5.tgz#67d66014b66a6a8aaa0c083c5fd58df4e4e97602"
  integrity sha512-FM9nNUYrRBAELZQT3xeZQ7fmMOBg6nWNmJKTcgsJeaLstP/UODVpGsr5OhXhhXg6f+qtJ8uiZ+PUxkDWcgIXLw==

mkdirp@^0.5.1:
  version "0.5.5"
  resolved "https://registry.yarnpkg.com/mkdirp/-/mkdirp-0.5.5.tgz#d91cefd62d1436ca0f41620e251288d420099def"
  integrity sha512-NKmAlESf6jMGym1++R0Ra7wvhV+wFW63FaSOFPwRahvea0gMUcGUhVeAg/0BC0wiv9ih5NYPB1Wn1UEI1/L+xQ==
  dependencies:
    minimist "^1.2.5"

omggif@^1.0.10, omggif@^1.0.9:
  version "1.0.10"
  resolved "https://registry.yarnpkg.com/omggif/-/omggif-1.0.10.tgz#ddaaf90d4a42f532e9e7cb3a95ecdd47f17c7b19"
  integrity sha512-LMJTtvgc/nugXj0Vcrrs68Mn2D1r0zf630VNtqtpI1FEO7e+O9FP4gqs9AcnBaSEeoHIPm28u6qgPR0oyEpGSw==

pako@^1.0.5:
  version "1.0.11"
  resolved "https://registry.yarnpkg.com/pako/-/pako-1.0.11.tgz#6c9599d340d54dfd3946380252a35705a6b992bf"
  integrity sha512-4hLB8Py4zZce5s4yd9XzopqwVv/yGNhV1Bl8NTmCq1763HeK2+EwVTv+leGeL13Dnh2wfbqowVPXCIO0z4taYw==

parse-bmfont-ascii@^1.0.3:
  version "1.0.6"
  resolved "https://registry.yarnpkg.com/parse-bmfont-ascii/-/parse-bmfont-ascii-1.0.6.tgz#11ac3c3ff58f7c2020ab22769079108d4dfa0285"
  integrity sha1-Eaw8P/WPfCAgqyJ2kHkQjU36AoU=

parse-bmfont-binary@^1.0.5:
  version "1.0.6"
  resolved "https://registry.yarnpkg.com/parse-bmfont-binary/-/parse-bmfont-binary-1.0.6.tgz#d038b476d3e9dd9db1e11a0b0e53a22792b69006"
  integrity sha1-0Di0dtPp3Z2x4RoLDlOiJ5K2kAY=

parse-bmfont-xml@^1.1.4:
  version "1.1.4"
  resolved "https://registry.yarnpkg.com/parse-bmfont-xml/-/parse-bmfont-xml-1.1.4.tgz#015319797e3e12f9e739c4d513872cd2fa35f389"
  integrity sha512-bjnliEOmGv3y1aMEfREMBJ9tfL3WR0i0CKPj61DnSLaoxWR3nLrsQrEbCId/8rF4NyRF0cCqisSVXyQYWM+mCQ==
  dependencies:
    xml-parse-from-string "^1.0.0"
    xml2js "^0.4.5"

parse-headers@^2.0.0:
  version "2.0.4"
  resolved "https://registry.yarnpkg.com/parse-headers/-/parse-headers-2.0.4.tgz#9eaf2d02bed2d1eff494331ce3df36d7924760bf"
  integrity sha512-psZ9iZoCNFLrgRjZ1d8mn0h9WRqJwFxM9q3x7iUjN/YT2OksthDJ5TiPCu2F38kS4zutqfW+YdVVkBZZx3/1aw==

phin@^2.9.1:
  version "2.9.3"
  resolved "https://registry.yarnpkg.com/phin/-/phin-2.9.3.tgz#f9b6ac10a035636fb65dfc576aaaa17b8743125c"
  integrity sha512-CzFr90qM24ju5f88quFC/6qohjC144rehe5n6DH900lgXmUe86+xCKc10ev56gRKC4/BkHUoG4uSiQgBiIXwDA==

pixelmatch@^4.0.2:
  version "4.0.2"
  resolved "https://registry.yarnpkg.com/pixelmatch/-/pixelmatch-4.0.2.tgz#8f47dcec5011b477b67db03c243bc1f3085e8854"
  integrity sha1-j0fc7FARtHe2fbA8JDvB8wheiFQ=
  dependencies:
    pngjs "^3.0.0"

pngjs@^3.0.0, pngjs@^3.3.3:
  version "3.4.0"
  resolved "https://registry.yarnpkg.com/pngjs/-/pngjs-3.4.0.tgz#99ca7d725965fb655814eaf65f38f12bbdbf555f"
  integrity sha512-NCrCHhWmnQklfH4MtJMRjZ2a8c80qXeMlQMv2uVp9ISJMTt562SbGd6n2oq0PaPgKm7Z6pL9E2UlLIhC+SHL3w==

process@^0.11.10:
  version "0.11.10"
  resolved "https://registry.yarnpkg.com/process/-/process-0.11.10.tgz#7332300e840161bda3e69a1d1d91a7d4bc16f182"
  integrity sha1-czIwDoQBYb2j5podHZGn1LwW8YI=

regenerator-runtime@^0.13.3, regenerator-runtime@^0.13.4:
  version "0.13.9"
  resolved "https://registry.yarnpkg.com/regenerator-runtime/-/regenerator-runtime-0.13.9.tgz#8925742a98ffd90814988d7566ad30ca3b263b52"
  integrity sha512-p3VT+cOEgxFsRRA9X4lkI1E+k2/CtnKtU4gcxyaCUreilL/vqI6CdZ3wxVUx3UOUg+gnUOQQcRI7BmSI656MYA==

sax@>=0.6.0:
  version "1.2.4"
  resolved "https://registry.yarnpkg.com/sax/-/sax-1.2.4.tgz#2816234e2378bddc4e5354fab5caa895df7100d9"
  integrity sha512-NqVDv9TpANUjFm0N8uM5GxL36UgKi9/atZw+x7YFnQ8ckwFGKrl4xX4yWtrey3UJm5nP1kUbnYgLopqWNSRhWw==

timm@^1.6.1:
  version "1.7.1"
  resolved "https://registry.yarnpkg.com/timm/-/timm-1.7.1.tgz#96bab60c7d45b5a10a8a4d0f0117c6b7e5aff76f"
  integrity sha512-IjZc9KIotudix8bMaBW6QvMuq64BrJWFs1+4V0lXwWGQZwH+LnX87doAYhem4caOEusRP9/g6jVDQmZ8XOk1nw==

tinycolor2@^1.4.1:
  version "1.4.2"
  resolved "https://registry.yarnpkg.com/tinycolor2/-/tinycolor2-1.4.2.tgz#3f6a4d1071ad07676d7fa472e1fac40a719d8803"
  integrity sha512-vJhccZPs965sV/L2sU4oRQVAos0pQXwsvTLkWYdqJ+a8Q5kPFzJTuOFwy7UniPli44NKQGAglksjvOcpo95aZA==

utif@^2.0.1:
  version "2.0.1"
  resolved "https://registry.yarnpkg.com/utif/-/utif-2.0.1.tgz#9e1582d9bbd20011a6588548ed3266298e711759"
  integrity sha512-Z/S1fNKCicQTf375lIP9G8Sa1H/phcysstNrrSdZKj1f9g58J4NMgb5IgiEZN9/nLMPDwF0W7hdOe9Qq2IYoLg==
  dependencies:
    pako "^1.0.5"

xhr@^2.0.1:
  version "2.6.0"
  resolved "https://registry.yarnpkg.com/xhr/-/xhr-2.6.0.tgz#b69d4395e792b4173d6b7df077f0fc5e4e2b249d"
  integrity sha512-/eCGLb5rxjx5e3mF1A7s+pLlR6CGyqWN91fv1JgER5mVWg1MZmlhBvy9kjcsOdRk8RrIujotWyJamfyrp+WIcA==
  dependencies:
    global "~4.4.0"
    is-function "^1.0.1"
    parse-headers "^2.0.0"
    xtend "^4.0.0"

xml-parse-from-string@^1.0.0:
  version "1.0.1"
  resolved "https://registry.yarnpkg.com/xml-parse-from-string/-/xml-parse-from-string-1.0.1.tgz#a9029e929d3dbcded169f3c6e28238d95a5d5a28"
  integrity sha1-qQKekp09vN7RafPG4oI42VpdWig=

xml2js@^0.4.5:
  version "0.4.23"
  resolved "https://registry.yarnpkg.com/xml2js/-/xml2js-0.4.23.tgz#a0c69516752421eb2ac758ee4d4ccf58843eac66"
  integrity sha512-ySPiMjM0+pLDftHgXY4By0uswI3SPKLDw/i3UXbnO8M/p28zqexCUoPmQFrYD+/1BzhGJSs2i1ERWKJAtiLrug==
  dependencies:
    sax ">=0.6.0"
    xmlbuilder "~11.0.0"

xmlbuilder@~11.0.0:
  version "11.0.1"
  resolved "https://registry.yarnpkg.com/xmlbuilder/-/xmlbuilder-11.0.1.tgz#be9bae1c8a046e76b31127726347d0ad7002beb3"
  integrity sha512-fDlsI/kFEx7gLvbecc0/ohLG50fugQp8ryHzMTuW9vSa1GJ0XYWKnhsUx7oie3G98+r56aTQIUB4kht42R3JvA==

xtend@^4.0.0:
  version "4.0.2"
  resolved "https://registry.yarnpkg.com/xtend/-/xtend-4.0.2.tgz#bb72779f5fa465186b1f438f674fa347fdb5db54"
  integrity sha512-LKYU1iAXJXUgAXn9URjiu+MWhyUXHsvfp7mcuYm9dSUKK0/CjtrUwFAxD82/mCWbtLsGjFIad0wIsod4zrTAEQ==
